// !$*UTF8*$!
{
	archiveVersion = 1;
	classes = {
	};
	objectVersion = 50;
	objects = {

/* Begin PBXBuildFile section */
		5F7450292435BF12005F6E4B /* UIGestureRecognizer+Zhuge.h in Headers */ = {isa = PBXBuildFile; fileRef = 5F744FCA2435BF12005F6E4B /* UIGestureRecognizer+Zhuge.h */; };
		5F74502A2435BF12005F6E4B /* ZhugeAutoTrackUtils.m in Sources */ = {isa = PBXBuildFile; fileRef = 5F744FCB2435BF12005F6E4B /* ZhugeAutoTrackUtils.m */; };
		5F74502B2435BF12005F6E4B /* ZhugeSwizzle.m in Sources */ = {isa = PBXBuildFile; fileRef = 5F744FCC2435BF12005F6E4B /* ZhugeSwizzle.m */; };
		5F74502C2435BF12005F6E4B /* UIGestureRecognizer+Zhuge.m in Sources */ = {isa = PBXBuildFile; fileRef = 5F744FCD2435BF12005F6E4B /* UIGestureRecognizer+Zhuge.m */; };
		5F74502D2435BF12005F6E4B /* ZhugeAutoTrackUtils.h in Headers */ = {isa = PBXBuildFile; fileRef = 5F744FCE2435BF12005F6E4B /* ZhugeAutoTrackUtils.h */; };
		5F74502E2435BF12005F6E4B /* ZhugeSwizzle.h in Headers */ = {isa = PBXBuildFile; fileRef = 5F744FCF2435BF12005F6E4B /* ZhugeSwizzle.h */; };
		5F74502F2435BF12005F6E4B /* Zhuge.m in Sources */ = {isa = PBXBuildFile; fileRef = 5F744FD12435BF12005F6E4B /* Zhuge.m */; };
		5F7450302435BF12005F6E4B /* ZhugeCompres.h in Headers */ = {isa = PBXBuildFile; fileRef = 5F744FD22435BF12005F6E4B /* ZhugeCompres.h */; };
		5F7450312435BF12005F6E4B /* ZhugeEvents.h in Headers */ = {isa = PBXBuildFile; fileRef = 5F744FD32435BF12005F6E4B /* ZhugeEvents.h */; };
		5F7450322435BF12005F6E4B /* ZhugeJS.h in Headers */ = {isa = PBXBuildFile; fileRef = 5F744FD42435BF12005F6E4B /* ZhugeJS.h */; };
		5F7450332435BF12005F6E4B /* ZhugeConstants.h in Headers */ = {isa = PBXBuildFile; fileRef = 5F744FD52435BF12005F6E4B /* ZhugeConstants.h */; };
		5F7450342435BF12005F6E4B /* ZhugeConfig.h in Headers */ = {isa = PBXBuildFile; fileRef = 5F744FD62435BF12005F6E4B /* ZhugeConfig.h */; };
		5F7450352435BF12005F6E4B /* ZhugeBase64.h in Headers */ = {isa = PBXBuildFile; fileRef = 5F744FD72435BF12005F6E4B /* ZhugeBase64.h */; };
		5F7450362435BF12005F6E4B /* ZhugeEventProperty.h in Headers */ = {isa = PBXBuildFile; fileRef = 5F744FD82435BF12005F6E4B /* ZhugeEventProperty.h */; };
		5F7450372435BF12005F6E4B /* ZGLog.h in Headers */ = {isa = PBXBuildFile; fileRef = 5F744FD92435BF12005F6E4B /* ZGLog.h */; };
		5F7450382435BF12005F6E4B /* ZhugeCompres.m in Sources */ = {isa = PBXBuildFile; fileRef = 5F744FDA2435BF12005F6E4B /* ZhugeCompres.m */; };
		5F7450392435BF12005F6E4B /* Zhuge.h in Headers */ = {isa = PBXBuildFile; fileRef = 5F744FDB2435BF12005F6E4B /* Zhuge.h */; };
		5F74503A2435BF12005F6E4B /* ZhugeJS.m in Sources */ = {isa = PBXBuildFile; fileRef = 5F744FDC2435BF12005F6E4B /* ZhugeJS.m */; };
		5F74503B2435BF12005F6E4B /* ZhugeBase64.m in Sources */ = {isa = PBXBuildFile; fileRef = 5F744FDD2435BF12005F6E4B /* ZhugeBase64.m */; };
		5F74503C2435BF12005F6E4B /* ZhugeConfig.m in Sources */ = {isa = PBXBuildFile; fileRef = 5F744FDE2435BF12005F6E4B /* ZhugeConfig.m */; };
		5F74503D2435BF12005F6E4B /* DLServerInterface.h in Headers */ = {isa = PBXBuildFile; fileRef = 5F744FE02435BF12005F6E4B /* DLServerInterface.h */; };
		5F74503E2435BF12005F6E4B /* DLServerResponse.m in Sources */ = {isa = PBXBuildFile; fileRef = 5F744FE12435BF12005F6E4B /* DLServerResponse.m */; };
		5F74503F2435BF12005F6E4B /* DLServerRequestQueue.m in Sources */ = {isa = PBXBuildFile; fileRef = 5F744FE22435BF12005F6E4B /* DLServerRequestQueue.m */; };
		5F7450402435BF12005F6E4B /* DSError.m in Sources */ = {isa = PBXBuildFile; fileRef = 5F744FE32435BF12005F6E4B /* DSError.m */; };
		5F7450412435BF12005F6E4B /* DLServerRequest.h in Headers */ = {isa = PBXBuildFile; fileRef = 5F744FE42435BF12005F6E4B /* DLServerRequest.h */; };
		5F7450422435BF12005F6E4B /* DLPreferenceHelper.h in Headers */ = {isa = PBXBuildFile; fileRef = 5F744FE52435BF12005F6E4B /* DLPreferenceHelper.h */; };
		5F7450432435BF12005F6E4B /* DLTime.h in Headers */ = {isa = PBXBuildFile; fileRef = 5F744FE62435BF12005F6E4B /* DLTime.h */; };
		5F7450442435BF12005F6E4B /* DSEncodingUtils.m in Sources */ = {isa = PBXBuildFile; fileRef = 5F744FE72435BF12005F6E4B /* DSEncodingUtils.m */; };
		5F7450452435BF12005F6E4B /* clearNewUsage.h in Headers */ = {isa = PBXBuildFile; fileRef = 5F744FE82435BF12005F6E4B /* clearNewUsage.h */; };
		5F7450462435BF12005F6E4B /* DeepShareImpl.h in Headers */ = {isa = PBXBuildFile; fileRef = 5F744FE92435BF12005F6E4B /* DeepShareImpl.h */; };
		5F7450472435BF12005F6E4B /* DLStrongMatchHelper.h in Headers */ = {isa = PBXBuildFile; fileRef = 5F744FEA2435BF12005F6E4B /* DLStrongMatchHelper.h */; };
		5F7450482435BF12005F6E4B /* DLConfig.h in Headers */ = {isa = PBXBuildFile; fileRef = 5F744FEB2435BF12005F6E4B /* DLConfig.h */; };
		5F7450492435BF12005F6E4B /* DeepShare.m in Sources */ = {isa = PBXBuildFile; fileRef = 5F744FEC2435BF12005F6E4B /* DeepShare.m */; };
		5F74504A2435BF12005F6E4B /* DLViewController.m in Sources */ = {isa = PBXBuildFile; fileRef = 5F744FED2435BF12005F6E4B /* DLViewController.m */; };
		5F74504B2435BF12005F6E4B /* getNewUsage.h in Headers */ = {isa = PBXBuildFile; fileRef = 5F744FEE2435BF12005F6E4B /* getNewUsage.h */; };
		5F74504C2435BF12005F6E4B /* DLSystemObserver.h in Headers */ = {isa = PBXBuildFile; fileRef = 5F744FEF2435BF12005F6E4B /* DLSystemObserver.h */; };
		5F74504D2435BF12005F6E4B /* DLServerRequestQueue.h in Headers */ = {isa = PBXBuildFile; fileRef = 5F744FF02435BF12005F6E4B /* DLServerRequestQueue.h */; };
		5F74504E2435BF12005F6E4B /* DSError.h in Headers */ = {isa = PBXBuildFile; fileRef = 5F744FF12435BF12005F6E4B /* DSError.h */; };
		5F74504F2435BF12005F6E4B /* DLServerResponse.h in Headers */ = {isa = PBXBuildFile; fileRef = 5F744FF22435BF12005F6E4B /* DLServerResponse.h */; };
		5F7450502435BF12005F6E4B /* DLServerInterface.m in Sources */ = {isa = PBXBuildFile; fileRef = 5F744FF32435BF12005F6E4B /* DLServerInterface.m */; };
		5F7450512435BF12005F6E4B /* clearNewUsage.m in Sources */ = {isa = PBXBuildFile; fileRef = 5F744FF42435BF12005F6E4B /* clearNewUsage.m */; };
		5F7450522435BF12005F6E4B /* DSEncodingUtils.h in Headers */ = {isa = PBXBuildFile; fileRef = 5F744FF52435BF12005F6E4B /* DSEncodingUtils.h */; };
		5F7450532435BF12005F6E4B /* DLTime.m in Sources */ = {isa = PBXBuildFile; fileRef = 5F744FF62435BF12005F6E4B /* DLTime.m */; };
		5F7450542435BF12005F6E4B /* DLPreferenceHelper.m in Sources */ = {isa = PBXBuildFile; fileRef = 5F744FF72435BF12005F6E4B /* DLPreferenceHelper.m */; };
		5F7450552435BF12005F6E4B /* DLServerRequest.m in Sources */ = {isa = PBXBuildFile; fileRef = 5F744FF82435BF12005F6E4B /* DLServerRequest.m */; };
		5F7450562435BF12005F6E4B /* NewvalueChange.h in Headers */ = {isa = PBXBuildFile; fileRef = 5F744FFA2435BF12005F6E4B /* NewvalueChange.h */; };
		5F7450572435BF12005F6E4B /* registerOpen.h in Headers */ = {isa = PBXBuildFile; fileRef = 5F744FFB2435BF12005F6E4B /* registerOpen.h */; };
		5F7450582435BF12005F6E4B /* CallClose.m in Sources */ = {isa = PBXBuildFile; fileRef = 5F744FFC2435BF12005F6E4B /* CallClose.m */; };
		5F7450592435BF12005F6E4B /* registerInstall.h in Headers */ = {isa = PBXBuildFile; fileRef = 5F744FFD2435BF12005F6E4B /* registerInstall.h */; };
		5F74505A2435BF12005F6E4B /* NewvalueChange.m in Sources */ = {isa = PBXBuildFile; fileRef = 5F744FFE2435BF12005F6E4B /* NewvalueChange.m */; };
		5F74505B2435BF12005F6E4B /* registerOpen.m in Sources */ = {isa = PBXBuildFile; fileRef = 5F744FFF2435BF12005F6E4B /* registerOpen.m */; };
		5F74505C2435BF12005F6E4B /* registerInstall.m in Sources */ = {isa = PBXBuildFile; fileRef = 5F7450002435BF12005F6E4B /* registerInstall.m */; };
		5F74505D2435BF12005F6E4B /* CallClose.h in Headers */ = {isa = PBXBuildFile; fileRef = 5F7450012435BF12005F6E4B /* CallClose.h */; };
		5F74505E2435BF12005F6E4B /* DLStrongMatchHelper.m in Sources */ = {isa = PBXBuildFile; fileRef = 5F7450022435BF12005F6E4B /* DLStrongMatchHelper.m */; };
		5F74505F2435BF12005F6E4B /* DeepShareImpl.m in Sources */ = {isa = PBXBuildFile; fileRef = 5F7450032435BF12005F6E4B /* DeepShareImpl.m */; };
		5F7450602435BF12005F6E4B /* DLParam.h in Headers */ = {isa = PBXBuildFile; fileRef = 5F7450042435BF12005F6E4B /* DLParam.h */; };
		5F7450612435BF12005F6E4B /* DLSystemObserver.m in Sources */ = {isa = PBXBuildFile; fileRef = 5F7450052435BF12005F6E4B /* DLSystemObserver.m */; };
		5F7450622435BF12005F6E4B /* getNewUsage.m in Sources */ = {isa = PBXBuildFile; fileRef = 5F7450062435BF12005F6E4B /* getNewUsage.m */; };
		5F7450632435BF12005F6E4B /* DLViewController.h in Headers */ = {isa = PBXBuildFile; fileRef = 5F7450072435BF12005F6E4B /* DLViewController.h */; };
		5F7450642435BF12005F6E4B /* DeepShare.h in Headers */ = {isa = PBXBuildFile; fileRef = 5F7450082435BF12005F6E4B /* DeepShare.h */; };
		5F7450652435BF12005F6E4B /* Aspects.h in Headers */ = {isa = PBXBuildFile; fileRef = 5F74500B2435BF12005F6E4B /* Aspects.h */; };
		5F7450662435BF12005F6E4B /* Aspects.m in Sources */ = {isa = PBXBuildFile; fileRef = 5F74500C2435BF12005F6E4B /* Aspects.m */; };
		5F74506A2435BF12005F6E4B /* ZGSharedDur.h in Headers */ = {isa = PBXBuildFile; fileRef = 5F7450122435BF12005F6E4B /* ZGSharedDur.h */; };
		5F74506B2435BF12005F6E4B /* NSObject+Zhuge.h in Headers */ = {isa = PBXBuildFile; fileRef = 5F7450132435BF12005F6E4B /* NSObject+Zhuge.h */; };
		5F74506C2435BF12005F6E4B /* UIViewController+Zhuge.m in Sources */ = {isa = PBXBuildFile; fileRef = 5F7450142435BF12005F6E4B /* UIViewController+Zhuge.m */; };
		5F74506D2435BF12005F6E4B /* ZGReachability.m in Sources */ = {isa = PBXBuildFile; fileRef = 5F7450152435BF12005F6E4B /* ZGReachability.m */; };
		5F74506E2435BF12005F6E4B /* ZGHttpHelper.m in Sources */ = {isa = PBXBuildFile; fileRef = 5F7450162435BF12005F6E4B /* ZGHttpHelper.m */; };
		5F74506F2435BF12005F6E4B /* UIApplication+Zhuge.h in Headers */ = {isa = PBXBuildFile; fileRef = 5F7450172435BF12005F6E4B /* UIApplication+Zhuge.h */; };
		5F7450702435BF12005F6E4B /* ZGUtil.h in Headers */ = {isa = PBXBuildFile; fileRef = 5F7450182435BF12005F6E4B /* ZGUtil.h */; };
		5F7450712435BF12005F6E4B /* ZGSqliteManager.h in Headers */ = {isa = PBXBuildFile; fileRef = 5F7450192435BF12005F6E4B /* ZGSqliteManager.h */; };
		5F7450722435BF12005F6E4B /* ZGSharedDur.m in Sources */ = {isa = PBXBuildFile; fileRef = 5F74501A2435BF12005F6E4B /* ZGSharedDur.m */; };
		5F7450732435BF12005F6E4B /* UIApplication+Zhuge.m in Sources */ = {isa = PBXBuildFile; fileRef = 5F74501B2435BF12005F6E4B /* UIApplication+Zhuge.m */; };
		5F7450742435BF12005F6E4B /* UIViewController+Zhuge.h in Headers */ = {isa = PBXBuildFile; fileRef = 5F74501C2435BF12005F6E4B /* UIViewController+Zhuge.h */; };
		5F7450752435BF12005F6E4B /* ZGHttpHelper.h in Headers */ = {isa = PBXBuildFile; fileRef = 5F74501D2435BF12005F6E4B /* ZGHttpHelper.h */; };
		5F7450762435BF12005F6E4B /* ZGReachability.h in Headers */ = {isa = PBXBuildFile; fileRef = 5F74501E2435BF12005F6E4B /* ZGReachability.h */; };
		5F7450772435BF12005F6E4B /* NSObject+Zhuge.m in Sources */ = {isa = PBXBuildFile; fileRef = 5F74501F2435BF12005F6E4B /* NSObject+Zhuge.m */; };
		5F7450782435BF12005F6E4B /* ZGUtil.m in Sources */ = {isa = PBXBuildFile; fileRef = 5F7450202435BF12005F6E4B /* ZGUtil.m */; };
		5F7450792435BF12005F6E4B /* ZGSqliteManager.m in Sources */ = {isa = PBXBuildFile; fileRef = 5F7450212435BF12005F6E4B /* ZGSqliteManager.m */; };
		5F74507A2435BF12005F6E4B /* UICollectionView+ZGAnalytics.m in Sources */ = {isa = PBXBuildFile; fileRef = 5F7450232435BF12005F6E4B /* UICollectionView+ZGAnalytics.m */; };
		5F74507B2435BF12005F6E4B /* UITableView+ZGAnalytics.h in Headers */ = {isa = PBXBuildFile; fileRef = 5F7450242435BF12005F6E4B /* UITableView+ZGAnalytics.h */; };
		5F74507C2435BF12005F6E4B /* NSObject+ZGAutoTrack.m in Sources */ = {isa = PBXBuildFile; fileRef = 5F7450252435BF12005F6E4B /* NSObject+ZGAutoTrack.m */; };
		5F74507D2435BF12005F6E4B /* NSObject+ZGAutoTrack.h in Headers */ = {isa = PBXBuildFile; fileRef = 5F7450262435BF12005F6E4B /* NSObject+ZGAutoTrack.h */; };
		5F74507E2435BF13005F6E4B /* UITableView+ZGAnalytics.m in Sources */ = {isa = PBXBuildFile; fileRef = 5F7450272435BF12005F6E4B /* UITableView+ZGAnalytics.m */; };
		5F74507F2435BF13005F6E4B /* UICollectionView+ZGAnalytics.h in Headers */ = {isa = PBXBuildFile; fileRef = 5F7450282435BF12005F6E4B /* UICollectionView+ZGAnalytics.h */; };
		5FBA1558237A906E00976A39 /* AppDelegate.m in Sources */ = {isa = PBXBuildFile; fileRef = 5FBA1557237A906E00976A39 /* AppDelegate.m */; };
		5FBA155B237A906E00976A39 /* SceneDelegate.m in Sources */ = {isa = PBXBuildFile; fileRef = 5FBA155A237A906E00976A39 /* SceneDelegate.m */; };
		5FBA155E237A906E00976A39 /* ViewController.m in Sources */ = {isa = PBXBuildFile; fileRef = 5FBA155D237A906E00976A39 /* ViewController.m */; };
		5FBA1561237A906E00976A39 /* Main.storyboard in Resources */ = {isa = PBXBuildFile; fileRef = 5FBA155F237A906E00976A39 /* Main.storyboard */; };
		5FBA1563237A907100976A39 /* Assets.xcassets in Resources */ = {isa = PBXBuildFile; fileRef = 5FBA1562237A907100976A39 /* Assets.xcassets */; };
		5FBA1566237A907100976A39 /* LaunchScreen.storyboard in Resources */ = {isa = PBXBuildFile; fileRef = 5FBA1564237A907100976A39 /* LaunchScreen.storyboard */; };
		5FBA1569237A907100976A39 /* main.m in Sources */ = {isa = PBXBuildFile; fileRef = 5FBA1568237A907100976A39 /* main.m */; };
		5FBA1570237A9A1200976A39 /* Zhugeio.framework in Frameworks */ = {isa = PBXBuildFile; fileRef = 5FBA14AA237A8CBC00976A39 /* Zhugeio.framework */; };
/* End PBXBuildFile section */

/* Begin PBXFileReference section */
		5F744FCA2435BF12005F6E4B /* UIGestureRecognizer+Zhuge.h */ = {isa = PBXFileReference; fileEncoding = 4; lastKnownFileType = sourcecode.c.h; path = "UIGestureRecognizer+Zhuge.h"; sourceTree = "<group>"; };
		5F744FCB2435BF12005F6E4B /* ZhugeAutoTrackUtils.m */ = {isa = PBXFileReference; fileEncoding = 4; lastKnownFileType = sourcecode.c.objc; path = ZhugeAutoTrackUtils.m; sourceTree = "<group>"; };
		5F744FCC2435BF12005F6E4B /* ZhugeSwizzle.m */ = {isa = PBXFileReference; fileEncoding = 4; lastKnownFileType = sourcecode.c.objc; path = ZhugeSwizzle.m; sourceTree = "<group>"; };
		5F744FCD2435BF12005F6E4B /* UIGestureRecognizer+Zhuge.m */ = {isa = PBXFileReference; fileEncoding = 4; lastKnownFileType = sourcecode.c.objc; path = "UIGestureRecognizer+Zhuge.m"; sourceTree = "<group>"; };
		5F744FCE2435BF12005F6E4B /* ZhugeAutoTrackUtils.h */ = {isa = PBXFileReference; fileEncoding = 4; lastKnownFileType = sourcecode.c.h; path = ZhugeAutoTrackUtils.h; sourceTree = "<group>"; };
		5F744FCF2435BF12005F6E4B /* ZhugeSwizzle.h */ = {isa = PBXFileReference; fileEncoding = 4; lastKnownFileType = sourcecode.c.h; path = ZhugeSwizzle.h; sourceTree = "<group>"; };
		5F744FD12435BF12005F6E4B /* Zhuge.m */ = {isa = PBXFileReference; fileEncoding = 4; lastKnownFileType = sourcecode.c.objc; path = Zhuge.m; sourceTree = "<group>"; };
		5F744FD22435BF12005F6E4B /* ZhugeCompres.h */ = {isa = PBXFileReference; fileEncoding = 4; lastKnownFileType = sourcecode.c.h; path = ZhugeCompres.h; sourceTree = "<group>"; };
		5F744FD32435BF12005F6E4B /* ZhugeEvents.h */ = {isa = PBXFileReference; fileEncoding = 4; lastKnownFileType = sourcecode.c.h; path = ZhugeEvents.h; sourceTree = "<group>"; };
		5F744FD42435BF12005F6E4B /* ZhugeJS.h */ = {isa = PBXFileReference; fileEncoding = 4; lastKnownFileType = sourcecode.c.h; path = ZhugeJS.h; sourceTree = "<group>"; };
		5F744FD52435BF12005F6E4B /* ZhugeConstants.h */ = {isa = PBXFileReference; fileEncoding = 4; lastKnownFileType = sourcecode.c.h; path = ZhugeConstants.h; sourceTree = "<group>"; };
		5F744FD62435BF12005F6E4B /* ZhugeConfig.h */ = {isa = PBXFileReference; fileEncoding = 4; lastKnownFileType = sourcecode.c.h; path = ZhugeConfig.h; sourceTree = "<group>"; };
		5F744FD72435BF12005F6E4B /* ZhugeBase64.h */ = {isa = PBXFileReference; fileEncoding = 4; lastKnownFileType = sourcecode.c.h; path = ZhugeBase64.h; sourceTree = "<group>"; };
		5F744FD82435BF12005F6E4B /* ZhugeEventProperty.h */ = {isa = PBXFileReference; fileEncoding = 4; lastKnownFileType = sourcecode.c.h; path = ZhugeEventProperty.h; sourceTree = "<group>"; };
		5F744FD92435BF12005F6E4B /* ZGLog.h */ = {isa = PBXFileReference; fileEncoding = 4; lastKnownFileType = sourcecode.c.h; path = ZGLog.h; sourceTree = "<group>"; };
		5F744FDA2435BF12005F6E4B /* ZhugeCompres.m */ = {isa = PBXFileReference; fileEncoding = 4; lastKnownFileType = sourcecode.c.objc; path = ZhugeCompres.m; sourceTree = "<group>"; };
		5F744FDB2435BF12005F6E4B /* Zhuge.h */ = {isa = PBXFileReference; fileEncoding = 4; lastKnownFileType = sourcecode.c.h; path = Zhuge.h; sourceTree = "<group>"; };
		5F744FDC2435BF12005F6E4B /* ZhugeJS.m */ = {isa = PBXFileReference; fileEncoding = 4; lastKnownFileType = sourcecode.c.objc; path = ZhugeJS.m; sourceTree = "<group>"; };
		5F744FDD2435BF12005F6E4B /* ZhugeBase64.m */ = {isa = PBXFileReference; fileEncoding = 4; lastKnownFileType = sourcecode.c.objc; path = ZhugeBase64.m; sourceTree = "<group>"; };
		5F744FDE2435BF12005F6E4B /* ZhugeConfig.m */ = {isa = PBXFileReference; fileEncoding = 4; lastKnownFileType = sourcecode.c.objc; path = ZhugeConfig.m; sourceTree = "<group>"; };
		5F744FE02435BF12005F6E4B /* DLServerInterface.h */ = {isa = PBXFileReference; fileEncoding = 4; lastKnownFileType = sourcecode.c.h; path = DLServerInterface.h; sourceTree = "<group>"; };
		5F744FE12435BF12005F6E4B /* DLServerResponse.m */ = {isa = PBXFileReference; fileEncoding = 4; lastKnownFileType = sourcecode.c.objc; path = DLServerResponse.m; sourceTree = "<group>"; };
		5F744FE22435BF12005F6E4B /* DLServerRequestQueue.m */ = {isa = PBXFileReference; fileEncoding = 4; lastKnownFileType = sourcecode.c.objc; path = DLServerRequestQueue.m; sourceTree = "<group>"; };
		5F744FE32435BF12005F6E4B /* DSError.m */ = {isa = PBXFileReference; fileEncoding = 4; lastKnownFileType = sourcecode.c.objc; path = DSError.m; sourceTree = "<group>"; };
		5F744FE42435BF12005F6E4B /* DLServerRequest.h */ = {isa = PBXFileReference; fileEncoding = 4; lastKnownFileType = sourcecode.c.h; path = DLServerRequest.h; sourceTree = "<group>"; };
		5F744FE52435BF12005F6E4B /* DLPreferenceHelper.h */ = {isa = PBXFileReference; fileEncoding = 4; lastKnownFileType = sourcecode.c.h; path = DLPreferenceHelper.h; sourceTree = "<group>"; };
		5F744FE62435BF12005F6E4B /* DLTime.h */ = {isa = PBXFileReference; fileEncoding = 4; lastKnownFileType = sourcecode.c.h; path = DLTime.h; sourceTree = "<group>"; };
		5F744FE72435BF12005F6E4B /* DSEncodingUtils.m */ = {isa = PBXFileReference; fileEncoding = 4; lastKnownFileType = sourcecode.c.objc; path = DSEncodingUtils.m; sourceTree = "<group>"; };
		5F744FE82435BF12005F6E4B /* clearNewUsage.h */ = {isa = PBXFileReference; fileEncoding = 4; lastKnownFileType = sourcecode.c.h; path = clearNewUsage.h; sourceTree = "<group>"; };
		5F744FE92435BF12005F6E4B /* DeepShareImpl.h */ = {isa = PBXFileReference; fileEncoding = 4; lastKnownFileType = sourcecode.c.h; path = DeepShareImpl.h; sourceTree = "<group>"; };
		5F744FEA2435BF12005F6E4B /* DLStrongMatchHelper.h */ = {isa = PBXFileReference; fileEncoding = 4; lastKnownFileType = sourcecode.c.h; path = DLStrongMatchHelper.h; sourceTree = "<group>"; };
		5F744FEB2435BF12005F6E4B /* DLConfig.h */ = {isa = PBXFileReference; fileEncoding = 4; lastKnownFileType = sourcecode.c.h; path = DLConfig.h; sourceTree = "<group>"; };
		5F744FEC2435BF12005F6E4B /* DeepShare.m */ = {isa = PBXFileReference; fileEncoding = 4; lastKnownFileType = sourcecode.c.objc; path = DeepShare.m; sourceTree = "<group>"; };
		5F744FED2435BF12005F6E4B /* DLViewController.m */ = {isa = PBXFileReference; fileEncoding = 4; lastKnownFileType = sourcecode.c.objc; path = DLViewController.m; sourceTree = "<group>"; };
		5F744FEE2435BF12005F6E4B /* getNewUsage.h */ = {isa = PBXFileReference; fileEncoding = 4; lastKnownFileType = sourcecode.c.h; path = getNewUsage.h; sourceTree = "<group>"; };
		5F744FEF2435BF12005F6E4B /* DLSystemObserver.h */ = {isa = PBXFileReference; fileEncoding = 4; lastKnownFileType = sourcecode.c.h; path = DLSystemObserver.h; sourceTree = "<group>"; };
		5F744FF02435BF12005F6E4B /* DLServerRequestQueue.h */ = {isa = PBXFileReference; fileEncoding = 4; lastKnownFileType = sourcecode.c.h; path = DLServerRequestQueue.h; sourceTree = "<group>"; };
		5F744FF12435BF12005F6E4B /* DSError.h */ = {isa = PBXFileReference; fileEncoding = 4; lastKnownFileType = sourcecode.c.h; path = DSError.h; sourceTree = "<group>"; };
		5F744FF22435BF12005F6E4B /* DLServerResponse.h */ = {isa = PBXFileReference; fileEncoding = 4; lastKnownFileType = sourcecode.c.h; path = DLServerResponse.h; sourceTree = "<group>"; };
		5F744FF32435BF12005F6E4B /* DLServerInterface.m */ = {isa = PBXFileReference; fileEncoding = 4; lastKnownFileType = sourcecode.c.objc; path = DLServerInterface.m; sourceTree = "<group>"; };
		5F744FF42435BF12005F6E4B /* clearNewUsage.m */ = {isa = PBXFileReference; fileEncoding = 4; lastKnownFileType = sourcecode.c.objc; path = clearNewUsage.m; sourceTree = "<group>"; };
		5F744FF52435BF12005F6E4B /* DSEncodingUtils.h */ = {isa = PBXFileReference; fileEncoding = 4; lastKnownFileType = sourcecode.c.h; path = DSEncodingUtils.h; sourceTree = "<group>"; };
		5F744FF62435BF12005F6E4B /* DLTime.m */ = {isa = PBXFileReference; fileEncoding = 4; lastKnownFileType = sourcecode.c.objc; path = DLTime.m; sourceTree = "<group>"; };
		5F744FF72435BF12005F6E4B /* DLPreferenceHelper.m */ = {isa = PBXFileReference; fileEncoding = 4; lastKnownFileType = sourcecode.c.objc; path = DLPreferenceHelper.m; sourceTree = "<group>"; };
		5F744FF82435BF12005F6E4B /* DLServerRequest.m */ = {isa = PBXFileReference; fileEncoding = 4; lastKnownFileType = sourcecode.c.objc; path = DLServerRequest.m; sourceTree = "<group>"; };
		5F744FFA2435BF12005F6E4B /* NewvalueChange.h */ = {isa = PBXFileReference; fileEncoding = 4; lastKnownFileType = sourcecode.c.h; path = NewvalueChange.h; sourceTree = "<group>"; };
		5F744FFB2435BF12005F6E4B /* registerOpen.h */ = {isa = PBXFileReference; fileEncoding = 4; lastKnownFileType = sourcecode.c.h; path = registerOpen.h; sourceTree = "<group>"; };
		5F744FFC2435BF12005F6E4B /* CallClose.m */ = {isa = PBXFileReference; fileEncoding = 4; lastKnownFileType = sourcecode.c.objc; path = CallClose.m; sourceTree = "<group>"; };
		5F744FFD2435BF12005F6E4B /* registerInstall.h */ = {isa = PBXFileReference; fileEncoding = 4; lastKnownFileType = sourcecode.c.h; path = registerInstall.h; sourceTree = "<group>"; };
		5F744FFE2435BF12005F6E4B /* NewvalueChange.m */ = {isa = PBXFileReference; fileEncoding = 4; lastKnownFileType = sourcecode.c.objc; path = NewvalueChange.m; sourceTree = "<group>"; };
		5F744FFF2435BF12005F6E4B /* registerOpen.m */ = {isa = PBXFileReference; fileEncoding = 4; lastKnownFileType = sourcecode.c.objc; path = registerOpen.m; sourceTree = "<group>"; };
		5F7450002435BF12005F6E4B /* registerInstall.m */ = {isa = PBXFileReference; fileEncoding = 4; lastKnownFileType = sourcecode.c.objc; path = registerInstall.m; sourceTree = "<group>"; };
		5F7450012435BF12005F6E4B /* CallClose.h */ = {isa = PBXFileReference; fileEncoding = 4; lastKnownFileType = sourcecode.c.h; path = CallClose.h; sourceTree = "<group>"; };
		5F7450022435BF12005F6E4B /* DLStrongMatchHelper.m */ = {isa = PBXFileReference; fileEncoding = 4; lastKnownFileType = sourcecode.c.objc; path = DLStrongMatchHelper.m; sourceTree = "<group>"; };
		5F7450032435BF12005F6E4B /* DeepShareImpl.m */ = {isa = PBXFileReference; fileEncoding = 4; lastKnownFileType = sourcecode.c.objc; path = DeepShareImpl.m; sourceTree = "<group>"; };
		5F7450042435BF12005F6E4B /* DLParam.h */ = {isa = PBXFileReference; fileEncoding = 4; lastKnownFileType = sourcecode.c.h; path = DLParam.h; sourceTree = "<group>"; };
		5F7450052435BF12005F6E4B /* DLSystemObserver.m */ = {isa = PBXFileReference; fileEncoding = 4; lastKnownFileType = sourcecode.c.objc; path = DLSystemObserver.m; sourceTree = "<group>"; };
		5F7450062435BF12005F6E4B /* getNewUsage.m */ = {isa = PBXFileReference; fileEncoding = 4; lastKnownFileType = sourcecode.c.objc; path = getNewUsage.m; sourceTree = "<group>"; };
		5F7450072435BF12005F6E4B /* DLViewController.h */ = {isa = PBXFileReference; fileEncoding = 4; lastKnownFileType = sourcecode.c.h; path = DLViewController.h; sourceTree = "<group>"; };
		5F7450082435BF12005F6E4B /* DeepShare.h */ = {isa = PBXFileReference; fileEncoding = 4; lastKnownFileType = sourcecode.c.h; path = DeepShare.h; sourceTree = "<group>"; };
		5F74500B2435BF12005F6E4B /* Aspects.h */ = {isa = PBXFileReference; fileEncoding = 4; lastKnownFileType = sourcecode.c.h; path = Aspects.h; sourceTree = "<group>"; };
		5F74500C2435BF12005F6E4B /* Aspects.m */ = {isa = PBXFileReference; fileEncoding = 4; lastKnownFileType = sourcecode.c.objc; path = Aspects.m; sourceTree = "<group>"; };
		5F7450122435BF12005F6E4B /* ZGSharedDur.h */ = {isa = PBXFileReference; fileEncoding = 4; lastKnownFileType = sourcecode.c.h; path = ZGSharedDur.h; sourceTree = "<group>"; };
		5F7450132435BF12005F6E4B /* NSObject+Zhuge.h */ = {isa = PBXFileReference; fileEncoding = 4; lastKnownFileType = sourcecode.c.h; path = "NSObject+Zhuge.h"; sourceTree = "<group>"; };
		5F7450142435BF12005F6E4B /* UIViewController+Zhuge.m */ = {isa = PBXFileReference; fileEncoding = 4; lastKnownFileType = sourcecode.c.objc; path = "UIViewController+Zhuge.m"; sourceTree = "<group>"; };
		5F7450152435BF12005F6E4B /* ZGReachability.m */ = {isa = PBXFileReference; fileEncoding = 4; lastKnownFileType = sourcecode.c.objc; path = ZGReachability.m; sourceTree = "<group>"; };
		5F7450162435BF12005F6E4B /* ZGHttpHelper.m */ = {isa = PBXFileReference; fileEncoding = 4; lastKnownFileType = sourcecode.c.objc; path = ZGHttpHelper.m; sourceTree = "<group>"; };
		5F7450172435BF12005F6E4B /* UIApplication+Zhuge.h */ = {isa = PBXFileReference; fileEncoding = 4; lastKnownFileType = sourcecode.c.h; path = "UIApplication+Zhuge.h"; sourceTree = "<group>"; };
		5F7450182435BF12005F6E4B /* ZGUtil.h */ = {isa = PBXFileReference; fileEncoding = 4; lastKnownFileType = sourcecode.c.h; path = ZGUtil.h; sourceTree = "<group>"; };
		5F7450192435BF12005F6E4B /* ZGSqliteManager.h */ = {isa = PBXFileReference; fileEncoding = 4; lastKnownFileType = sourcecode.c.h; path = ZGSqliteManager.h; sourceTree = "<group>"; };
		5F74501A2435BF12005F6E4B /* ZGSharedDur.m */ = {isa = PBXFileReference; fileEncoding = 4; lastKnownFileType = sourcecode.c.objc; path = ZGSharedDur.m; sourceTree = "<group>"; };
		5F74501B2435BF12005F6E4B /* UIApplication+Zhuge.m */ = {isa = PBXFileReference; fileEncoding = 4; lastKnownFileType = sourcecode.c.objc; path = "UIApplication+Zhuge.m"; sourceTree = "<group>"; };
		5F74501C2435BF12005F6E4B /* UIViewController+Zhuge.h */ = {isa = PBXFileReference; fileEncoding = 4; lastKnownFileType = sourcecode.c.h; path = "UIViewController+Zhuge.h"; sourceTree = "<group>"; };
		5F74501D2435BF12005F6E4B /* ZGHttpHelper.h */ = {isa = PBXFileReference; fileEncoding = 4; lastKnownFileType = sourcecode.c.h; path = ZGHttpHelper.h; sourceTree = "<group>"; };
		5F74501E2435BF12005F6E4B /* ZGReachability.h */ = {isa = PBXFileReference; fileEncoding = 4; lastKnownFileType = sourcecode.c.h; path = ZGReachability.h; sourceTree = "<group>"; };
		5F74501F2435BF12005F6E4B /* NSObject+Zhuge.m */ = {isa = PBXFileReference; fileEncoding = 4; lastKnownFileType = sourcecode.c.objc; path = "NSObject+Zhuge.m"; sourceTree = "<group>"; };
		5F7450202435BF12005F6E4B /* ZGUtil.m */ = {isa = PBXFileReference; fileEncoding = 4; lastKnownFileType = sourcecode.c.objc; path = ZGUtil.m; sourceTree = "<group>"; };
		5F7450212435BF12005F6E4B /* ZGSqliteManager.m */ = {isa = PBXFileReference; fileEncoding = 4; lastKnownFileType = sourcecode.c.objc; path = ZGSqliteManager.m; sourceTree = "<group>"; };
		5F7450232435BF12005F6E4B /* UICollectionView+ZGAnalytics.m */ = {isa = PBXFileReference; fileEncoding = 4; lastKnownFileType = sourcecode.c.objc; path = "UICollectionView+ZGAnalytics.m"; sourceTree = "<group>"; };
		5F7450242435BF12005F6E4B /* UITableView+ZGAnalytics.h */ = {isa = PBXFileReference; fileEncoding = 4; lastKnownFileType = sourcecode.c.h; path = "UITableView+ZGAnalytics.h"; sourceTree = "<group>"; };
		5F7450252435BF12005F6E4B /* NSObject+ZGAutoTrack.m */ = {isa = PBXFileReference; fileEncoding = 4; lastKnownFileType = sourcecode.c.objc; path = "NSObject+ZGAutoTrack.m"; sourceTree = "<group>"; };
		5F7450262435BF12005F6E4B /* NSObject+ZGAutoTrack.h */ = {isa = PBXFileReference; fileEncoding = 4; lastKnownFileType = sourcecode.c.h; path = "NSObject+ZGAutoTrack.h"; sourceTree = "<group>"; };
		5F7450272435BF12005F6E4B /* UITableView+ZGAnalytics.m */ = {isa = PBXFileReference; fileEncoding = 4; lastKnownFileType = sourcecode.c.objc; path = "UITableView+ZGAnalytics.m"; sourceTree = "<group>"; };
		5F7450282435BF12005F6E4B /* UICollectionView+ZGAnalytics.h */ = {isa = PBXFileReference; fileEncoding = 4; lastKnownFileType = sourcecode.c.h; path = "UICollectionView+ZGAnalytics.h"; sourceTree = "<group>"; };
		5FBA14AA237A8CBC00976A39 /* Zhugeio.framework */ = {isa = PBXFileReference; explicitFileType = wrapper.framework; includeInIndex = 0; path = Zhugeio.framework; sourceTree = BUILT_PRODUCTS_DIR; };
		5FBA14AE237A8CBC00976A39 /* Info.plist */ = {isa = PBXFileReference; lastKnownFileType = text.plist.xml; path = Info.plist; sourceTree = "<group>"; };
		5FBA1554237A906D00976A39 /* SampleProject.app */ = {isa = PBXFileReference; explicitFileType = wrapper.application; includeInIndex = 0; path = SampleProject.app; sourceTree = BUILT_PRODUCTS_DIR; };
		5FBA1556237A906E00976A39 /* AppDelegate.h */ = {isa = PBXFileReference; lastKnownFileType = sourcecode.c.h; path = AppDelegate.h; sourceTree = "<group>"; };
		5FBA1557237A906E00976A39 /* AppDelegate.m */ = {isa = PBXFileReference; lastKnownFileType = sourcecode.c.objc; path = AppDelegate.m; sourceTree = "<group>"; };
		5FBA1559237A906E00976A39 /* SceneDelegate.h */ = {isa = PBXFileReference; lastKnownFileType = sourcecode.c.h; path = SceneDelegate.h; sourceTree = "<group>"; };
		5FBA155A237A906E00976A39 /* SceneDelegate.m */ = {isa = PBXFileReference; lastKnownFileType = sourcecode.c.objc; path = SceneDelegate.m; sourceTree = "<group>"; };
		5FBA155C237A906E00976A39 /* ViewController.h */ = {isa = PBXFileReference; lastKnownFileType = sourcecode.c.h; path = ViewController.h; sourceTree = "<group>"; };
		5FBA155D237A906E00976A39 /* ViewController.m */ = {isa = PBXFileReference; lastKnownFileType = sourcecode.c.objc; path = ViewController.m; sourceTree = "<group>"; };
		5FBA1560237A906E00976A39 /* Base */ = {isa = PBXFileReference; lastKnownFileType = file.storyboard; name = Base; path = Base.lproj/Main.storyboard; sourceTree = "<group>"; };
		5FBA1562237A907100976A39 /* Assets.xcassets */ = {isa = PBXFileReference; lastKnownFileType = folder.assetcatalog; path = Assets.xcassets; sourceTree = "<group>"; };
		5FBA1565237A907100976A39 /* Base */ = {isa = PBXFileReference; lastKnownFileType = file.storyboard; name = Base; path = Base.lproj/LaunchScreen.storyboard; sourceTree = "<group>"; };
		5FBA1567237A907100976A39 /* Info.plist */ = {isa = PBXFileReference; lastKnownFileType = text.plist.xml; path = Info.plist; sourceTree = "<group>"; };
		5FBA1568237A907100976A39 /* main.m */ = {isa = PBXFileReference; lastKnownFileType = sourcecode.c.objc; path = main.m; sourceTree = "<group>"; };
/* End PBXFileReference section */

/* Begin PBXFrameworksBuildPhase section */
		5FBA14A7237A8CBC00976A39 /* Frameworks */ = {
			isa = PBXFrameworksBuildPhase;
			buildActionMask = 2147483647;
			files = (
			);
			runOnlyForDeploymentPostprocessing = 0;
		};
		5FBA1551237A906D00976A39 /* Frameworks */ = {
			isa = PBXFrameworksBuildPhase;
			buildActionMask = 2147483647;
			files = (
				5FBA1570237A9A1200976A39 /* Zhugeio.framework in Frameworks */,
			);
			runOnlyForDeploymentPostprocessing = 0;
		};
/* End PBXFrameworksBuildPhase section */

/* Begin PBXGroup section */
		5F744FC92435BF12005F6E4B /* AutoTrack */ = {
			isa = PBXGroup;
			children = (
				5F744FCA2435BF12005F6E4B /* UIGestureRecognizer+Zhuge.h */,
				5F744FCB2435BF12005F6E4B /* ZhugeAutoTrackUtils.m */,
				5F744FCC2435BF12005F6E4B /* ZhugeSwizzle.m */,
				5F744FCD2435BF12005F6E4B /* UIGestureRecognizer+Zhuge.m */,
				5F744FCE2435BF12005F6E4B /* ZhugeAutoTrackUtils.h */,
				5F744FCF2435BF12005F6E4B /* ZhugeSwizzle.h */,
			);
			path = AutoTrack;
			sourceTree = "<group>";
		};
		5F744FD02435BF12005F6E4B /* ZGCore */ = {
			isa = PBXGroup;
			children = (
				5F744FD12435BF12005F6E4B /* Zhuge.m */,
				5F744FD22435BF12005F6E4B /* ZhugeCompres.h */,
				5F744FD32435BF12005F6E4B /* ZhugeEvents.h */,
				5F744FD42435BF12005F6E4B /* ZhugeJS.h */,
				5F744FD52435BF12005F6E4B /* ZhugeConstants.h */,
				5F744FD62435BF12005F6E4B /* ZhugeConfig.h */,
				5F744FD72435BF12005F6E4B /* ZhugeBase64.h */,
				5F744FD82435BF12005F6E4B /* ZhugeEventProperty.h */,
				5F744FD92435BF12005F6E4B /* ZGLog.h */,
				5F744FDA2435BF12005F6E4B /* ZhugeCompres.m */,
				5F744FDB2435BF12005F6E4B /* Zhuge.h */,
				5F744FDC2435BF12005F6E4B /* ZhugeJS.m */,
				5F744FDD2435BF12005F6E4B /* ZhugeBase64.m */,
				5F744FDE2435BF12005F6E4B /* ZhugeConfig.m */,
			);
			path = ZGCore;
			sourceTree = "<group>";
		};
		5F744FDF2435BF12005F6E4B /* ZGShare */ = {
			isa = PBXGroup;
			children = (
				5F744FE02435BF12005F6E4B /* DLServerInterface.h */,
				5F744FE12435BF12005F6E4B /* DLServerResponse.m */,
				5F744FE22435BF12005F6E4B /* DLServerRequestQueue.m */,
				5F744FE32435BF12005F6E4B /* DSError.m */,
				5F744FE42435BF12005F6E4B /* DLServerRequest.h */,
				5F744FE52435BF12005F6E4B /* DLPreferenceHelper.h */,
				5F744FE62435BF12005F6E4B /* DLTime.h */,
				5F744FE72435BF12005F6E4B /* DSEncodingUtils.m */,
				5F744FE82435BF12005F6E4B /* clearNewUsage.h */,
				5F744FE92435BF12005F6E4B /* DeepShareImpl.h */,
				5F744FEA2435BF12005F6E4B /* DLStrongMatchHelper.h */,
				5F744FEB2435BF12005F6E4B /* DLConfig.h */,
				5F744FEC2435BF12005F6E4B /* DeepShare.m */,
				5F744FED2435BF12005F6E4B /* DLViewController.m */,
				5F744FEE2435BF12005F6E4B /* getNewUsage.h */,
				5F744FEF2435BF12005F6E4B /* DLSystemObserver.h */,
				5F744FF02435BF12005F6E4B /* DLServerRequestQueue.h */,
				5F744FF12435BF12005F6E4B /* DSError.h */,
				5F744FF22435BF12005F6E4B /* DLServerResponse.h */,
				5F744FF32435BF12005F6E4B /* DLServerInterface.m */,
				5F744FF42435BF12005F6E4B /* clearNewUsage.m */,
				5F744FF52435BF12005F6E4B /* DSEncodingUtils.h */,
				5F744FF62435BF12005F6E4B /* DLTime.m */,
				5F744FF72435BF12005F6E4B /* DLPreferenceHelper.m */,
				5F744FF82435BF12005F6E4B /* DLServerRequest.m */,
				5F744FF92435BF12005F6E4B /* Request */,
				5F7450022435BF12005F6E4B /* DLStrongMatchHelper.m */,
				5F7450032435BF12005F6E4B /* DeepShareImpl.m */,
				5F7450042435BF12005F6E4B /* DLParam.h */,
				5F7450052435BF12005F6E4B /* DLSystemObserver.m */,
				5F7450062435BF12005F6E4B /* getNewUsage.m */,
				5F7450072435BF12005F6E4B /* DLViewController.h */,
				5F7450082435BF12005F6E4B /* DeepShare.h */,
			);
			path = ZGShare;
			sourceTree = "<group>";
		};
		5F744FF92435BF12005F6E4B /* Request */ = {
			isa = PBXGroup;
			children = (
				5F744FFA2435BF12005F6E4B /* NewvalueChange.h */,
				5F744FFB2435BF12005F6E4B /* registerOpen.h */,
				5F744FFC2435BF12005F6E4B /* CallClose.m */,
				5F744FFD2435BF12005F6E4B /* registerInstall.h */,
				5F744FFE2435BF12005F6E4B /* NewvalueChange.m */,
				5F744FFF2435BF12005F6E4B /* registerOpen.m */,
				5F7450002435BF12005F6E4B /* registerInstall.m */,
				5F7450012435BF12005F6E4B /* CallClose.h */,
			);
			path = Request;
			sourceTree = "<group>";
		};
		5F7450092435BF12005F6E4B /* Utils */ = {
			isa = PBXGroup;
			children = (
				5F74500A2435BF12005F6E4B /* ZGSwizzle */,
			);
			path = Utils;
			sourceTree = "<group>";
		};
		5F74500A2435BF12005F6E4B /* ZGSwizzle */ = {
			isa = PBXGroup;
			children = (
				5F74500B2435BF12005F6E4B /* Aspects.h */,
				5F74500C2435BF12005F6E4B /* Aspects.m */,
			);
			path = ZGSwizzle;
			sourceTree = "<group>";
		};
		5F7450112435BF12005F6E4B /* ZGSee */ = {
			isa = PBXGroup;
			children = (
				5F7450122435BF12005F6E4B /* ZGSharedDur.h */,
				5F7450132435BF12005F6E4B /* NSObject+Zhuge.h */,
				5F7450142435BF12005F6E4B /* UIViewController+Zhuge.m */,
				5F7450152435BF12005F6E4B /* ZGReachability.m */,
				5F7450162435BF12005F6E4B /* ZGHttpHelper.m */,
				5F7450172435BF12005F6E4B /* UIApplication+Zhuge.h */,
				5F7450182435BF12005F6E4B /* ZGUtil.h */,
				5F7450192435BF12005F6E4B /* ZGSqliteManager.h */,
				5F74501A2435BF12005F6E4B /* ZGSharedDur.m */,
				5F74501B2435BF12005F6E4B /* UIApplication+Zhuge.m */,
				5F74501C2435BF12005F6E4B /* UIViewController+Zhuge.h */,
				5F74501D2435BF12005F6E4B /* ZGHttpHelper.h */,
				5F74501E2435BF12005F6E4B /* ZGReachability.h */,
				5F74501F2435BF12005F6E4B /* NSObject+Zhuge.m */,
				5F7450202435BF12005F6E4B /* ZGUtil.m */,
				5F7450212435BF12005F6E4B /* ZGSqliteManager.m */,
			);
			path = ZGSee;
			sourceTree = "<group>";
		};
		5F7450222435BF12005F6E4B /* ZGCategory */ = {
			isa = PBXGroup;
			children = (
				5F7450232435BF12005F6E4B /* UICollectionView+ZGAnalytics.m */,
				5F7450242435BF12005F6E4B /* UITableView+ZGAnalytics.h */,
				5F7450252435BF12005F6E4B /* NSObject+ZGAutoTrack.m */,
				5F7450262435BF12005F6E4B /* NSObject+ZGAutoTrack.h */,
				5F7450272435BF12005F6E4B /* UITableView+ZGAnalytics.m */,
				5F7450282435BF12005F6E4B /* UICollectionView+ZGAnalytics.h */,
			);
			path = ZGCategory;
			sourceTree = "<group>";
		};
		5FBA14A0237A8CBC00976A39 = {
			isa = PBXGroup;
			children = (
				5FBA14AC237A8CBC00976A39 /* Zhugeio */,
				5FBA1555237A906E00976A39 /* SampleProject */,
				5FBA14AB237A8CBC00976A39 /* Products */,
				5FBA156F237A9A1200976A39 /* Frameworks */,
			);
			sourceTree = "<group>";
		};
		5FBA14AB237A8CBC00976A39 /* Products */ = {
			isa = PBXGroup;
			children = (
				5FBA14AA237A8CBC00976A39 /* Zhugeio.framework */,
				5FBA1554237A906D00976A39 /* SampleProject.app */,
			);
			name = Products;
			sourceTree = "<group>";
		};
		5FBA14AC237A8CBC00976A39 /* Zhugeio */ = {
			isa = PBXGroup;
			children = (
				5F744FC92435BF12005F6E4B /* AutoTrack */,
				5F7450092435BF12005F6E4B /* Utils */,
				5F7450222435BF12005F6E4B /* ZGCategory */,
				5F744FD02435BF12005F6E4B /* ZGCore */,
				5F7450112435BF12005F6E4B /* ZGSee */,
				5F744FDF2435BF12005F6E4B /* ZGShare */,
				5FBA14AE237A8CBC00976A39 /* Info.plist */,
			);
			path = Zhugeio;
			sourceTree = "<group>";
		};
		5FBA1555237A906E00976A39 /* SampleProject */ = {
			isa = PBXGroup;
			children = (
				5FBA1556237A906E00976A39 /* AppDelegate.h */,
				5FBA1557237A906E00976A39 /* AppDelegate.m */,
				5FBA1559237A906E00976A39 /* SceneDelegate.h */,
				5FBA155A237A906E00976A39 /* SceneDelegate.m */,
				5FBA155C237A906E00976A39 /* ViewController.h */,
				5FBA155D237A906E00976A39 /* ViewController.m */,
				5FBA155F237A906E00976A39 /* Main.storyboard */,
				5FBA1562237A907100976A39 /* Assets.xcassets */,
				5FBA1564237A907100976A39 /* LaunchScreen.storyboard */,
				5FBA1567237A907100976A39 /* Info.plist */,
				5FBA1568237A907100976A39 /* main.m */,
			);
			path = SampleProject;
			sourceTree = "<group>";
		};
		5FBA156F237A9A1200976A39 /* Frameworks */ = {
			isa = PBXGroup;
			children = (
			);
			name = Frameworks;
			sourceTree = "<group>";
		};
/* End PBXGroup section */

/* Begin PBXHeadersBuildPhase section */
		5FBA14A5237A8CBC00976A39 /* Headers */ = {
			isa = PBXHeadersBuildPhase;
			buildActionMask = 2147483647;
			files = (
				5F74506B2435BF12005F6E4B /* NSObject+Zhuge.h in Headers */,
				5F74504E2435BF12005F6E4B /* DSError.h in Headers */,
				5F7450462435BF12005F6E4B /* DeepShareImpl.h in Headers */,
				5F74507D2435BF12005F6E4B /* NSObject+ZGAutoTrack.h in Headers */,
				5F7450392435BF12005F6E4B /* Zhuge.h in Headers */,
				5F7450702435BF12005F6E4B /* ZGUtil.h in Headers */,
				5F7450412435BF12005F6E4B /* DLServerRequest.h in Headers */,
				5F7450522435BF12005F6E4B /* DSEncodingUtils.h in Headers */,
				5F74504D2435BF12005F6E4B /* DLServerRequestQueue.h in Headers */,
				5F74504C2435BF12005F6E4B /* DLSystemObserver.h in Headers */,
				5F7450372435BF12005F6E4B /* ZGLog.h in Headers */,
				5F74506A2435BF12005F6E4B /* ZGSharedDur.h in Headers */,
				5F7450762435BF12005F6E4B /* ZGReachability.h in Headers */,
				5F7450302435BF12005F6E4B /* ZhugeCompres.h in Headers */,
				5F7450312435BF12005F6E4B /* ZhugeEvents.h in Headers */,
				5F74506F2435BF12005F6E4B /* UIApplication+Zhuge.h in Headers */,
				5F7450332435BF12005F6E4B /* ZhugeConstants.h in Headers */,
				5F7450452435BF12005F6E4B /* clearNewUsage.h in Headers */,
				5F7450752435BF12005F6E4B /* ZGHttpHelper.h in Headers */,
				5F7450642435BF12005F6E4B /* DeepShare.h in Headers */,
				5F7450352435BF12005F6E4B /* ZhugeBase64.h in Headers */,
				5F7450742435BF12005F6E4B /* UIViewController+Zhuge.h in Headers */,
				5F7450652435BF12005F6E4B /* Aspects.h in Headers */,
				5F7450292435BF12005F6E4B /* UIGestureRecognizer+Zhuge.h in Headers */,
				5F7450422435BF12005F6E4B /* DLPreferenceHelper.h in Headers */,
				5F7450342435BF12005F6E4B /* ZhugeConfig.h in Headers */,
				5F7450362435BF12005F6E4B /* ZhugeEventProperty.h in Headers */,
				5F74504B2435BF12005F6E4B /* getNewUsage.h in Headers */,
				5F7450472435BF12005F6E4B /* DLStrongMatchHelper.h in Headers */,
				5F74507B2435BF12005F6E4B /* UITableView+ZGAnalytics.h in Headers */,
				5F7450572435BF12005F6E4B /* registerOpen.h in Headers */,
				5F7450712435BF12005F6E4B /* ZGSqliteManager.h in Headers */,
				5F74503D2435BF12005F6E4B /* DLServerInterface.h in Headers */,
				5F74507F2435BF13005F6E4B /* UICollectionView+ZGAnalytics.h in Headers */,
				5F74502D2435BF12005F6E4B /* ZhugeAutoTrackUtils.h in Headers */,
				5F7450432435BF12005F6E4B /* DLTime.h in Headers */,
				5F7450632435BF12005F6E4B /* DLViewController.h in Headers */,
				5F74504F2435BF12005F6E4B /* DLServerResponse.h in Headers */,
				5F7450602435BF12005F6E4B /* DLParam.h in Headers */,
				5F7450562435BF12005F6E4B /* NewvalueChange.h in Headers */,
				5F74505D2435BF12005F6E4B /* CallClose.h in Headers */,
				5F74502E2435BF12005F6E4B /* ZhugeSwizzle.h in Headers */,
				5F7450592435BF12005F6E4B /* registerInstall.h in Headers */,
				5F7450482435BF12005F6E4B /* DLConfig.h in Headers */,
				5F7450322435BF12005F6E4B /* ZhugeJS.h in Headers */,
			);
			runOnlyForDeploymentPostprocessing = 0;
		};
/* End PBXHeadersBuildPhase section */

/* Begin PBXNativeTarget section */
		5FBA14A9237A8CBC00976A39 /* Zhugeio */ = {
			isa = PBXNativeTarget;
			buildConfigurationList = 5FBA14B2237A8CBC00976A39 /* Build configuration list for PBXNativeTarget "Zhugeio" */;
			buildPhases = (
				5FBA14A5237A8CBC00976A39 /* Headers */,
				5FBA14A6237A8CBC00976A39 /* Sources */,
				5FBA14A7237A8CBC00976A39 /* Frameworks */,
				5FBA14A8237A8CBC00976A39 /* Resources */,
			);
			buildRules = (
			);
			dependencies = (
			);
			name = Zhugeio;
			productName = Zhugeio;
			productReference = 5FBA14AA237A8CBC00976A39 /* Zhugeio.framework */;
			productType = "com.apple.product-type.framework";
		};
		5FBA1553237A906D00976A39 /* SampleProject */ = {
			isa = PBXNativeTarget;
			buildConfigurationList = 5FBA156A237A907100976A39 /* Build configuration list for PBXNativeTarget "SampleProject" */;
			buildPhases = (
				5FBA1550237A906D00976A39 /* Sources */,
				5FBA1551237A906D00976A39 /* Frameworks */,
				5FBA1552237A906D00976A39 /* Resources */,
			);
			buildRules = (
			);
			dependencies = (
			);
			name = SampleProject;
			productName = SampleProject;
			productReference = 5FBA1554237A906D00976A39 /* SampleProject.app */;
			productType = "com.apple.product-type.application";
		};
/* End PBXNativeTarget section */

/* Begin PBXProject section */
		5FBA14A1237A8CBC00976A39 /* Project object */ = {
			isa = PBXProject;
			attributes = {
				LastUpgradeCheck = 1100;
				ORGANIZATIONNAME = GoodMorning;
				TargetAttributes = {
					5FBA14A9237A8CBC00976A39 = {
						CreatedOnToolsVersion = 11.0;
					};
					5FBA1553237A906D00976A39 = {
						CreatedOnToolsVersion = 11.0;
					};
				};
			};
			buildConfigurationList = 5FBA14A4237A8CBC00976A39 /* Build configuration list for PBXProject "Zhugeio" */;
			compatibilityVersion = "Xcode 9.3";
			developmentRegion = en;
			hasScannedForEncodings = 0;
			knownRegions = (
				en,
				Base,
			);
			mainGroup = 5FBA14A0237A8CBC00976A39;
			productRefGroup = 5FBA14AB237A8CBC00976A39 /* Products */;
			projectDirPath = "";
			projectRoot = "";
			targets = (
				5FBA14A9237A8CBC00976A39 /* Zhugeio */,
				5FBA1553237A906D00976A39 /* SampleProject */,
			);
		};
/* End PBXProject section */

/* Begin PBXResourcesBuildPhase section */
		5FBA14A8237A8CBC00976A39 /* Resources */ = {
			isa = PBXResourcesBuildPhase;
			buildActionMask = 2147483647;
			files = (
			);
			runOnlyForDeploymentPostprocessing = 0;
		};
		5FBA1552237A906D00976A39 /* Resources */ = {
			isa = PBXResourcesBuildPhase;
			buildActionMask = 2147483647;
			files = (
				5FBA1566237A907100976A39 /* LaunchScreen.storyboard in Resources */,
				5FBA1563237A907100976A39 /* Assets.xcassets in Resources */,
				5FBA1561237A906E00976A39 /* Main.storyboard in Resources */,
			);
			runOnlyForDeploymentPostprocessing = 0;
		};
/* End PBXResourcesBuildPhase section */

/* Begin PBXSourcesBuildPhase section */
		5FBA14A6237A8CBC00976A39 /* Sources */ = {
			isa = PBXSourcesBuildPhase;
			buildActionMask = 2147483647;
			files = (
				5F7450582435BF12005F6E4B /* CallClose.m in Sources */,
				5F7450622435BF12005F6E4B /* getNewUsage.m in Sources */,
				5F7450782435BF12005F6E4B /* ZGUtil.m in Sources */,
				5F7450512435BF12005F6E4B /* clearNewUsage.m in Sources */,
				5F74502B2435BF12005F6E4B /* ZhugeSwizzle.m in Sources */,
				5F74503C2435BF12005F6E4B /* ZhugeConfig.m in Sources */,
				5F74506D2435BF12005F6E4B /* ZGReachability.m in Sources */,
				5F74505C2435BF12005F6E4B /* registerInstall.m in Sources */,
				5F7450792435BF12005F6E4B /* ZGSqliteManager.m in Sources */,
				5F74507E2435BF13005F6E4B /* UITableView+ZGAnalytics.m in Sources */,
				5F7450552435BF12005F6E4B /* DLServerRequest.m in Sources */,
				5F74503F2435BF12005F6E4B /* DLServerRequestQueue.m in Sources */,
				5F74507A2435BF12005F6E4B /* UICollectionView+ZGAnalytics.m in Sources */,
				5F74506E2435BF12005F6E4B /* ZGHttpHelper.m in Sources */,
				5F7450402435BF12005F6E4B /* DSError.m in Sources */,
				5F7450502435BF12005F6E4B /* DLServerInterface.m in Sources */,
				5F74504A2435BF12005F6E4B /* DLViewController.m in Sources */,
				5F74505E2435BF12005F6E4B /* DLStrongMatchHelper.m in Sources */,
				5F7450382435BF12005F6E4B /* ZhugeCompres.m in Sources */,
				5F7450722435BF12005F6E4B /* ZGSharedDur.m in Sources */,
				5F74503A2435BF12005F6E4B /* ZhugeJS.m in Sources */,
				5F74502F2435BF12005F6E4B /* Zhuge.m in Sources */,
				5F7450662435BF12005F6E4B /* Aspects.m in Sources */,
				5F74503E2435BF12005F6E4B /* DLServerResponse.m in Sources */,
				5F7450492435BF12005F6E4B /* DeepShare.m in Sources */,
				5F7450732435BF12005F6E4B /* UIApplication+Zhuge.m in Sources */,
				5F7450542435BF12005F6E4B /* DLPreferenceHelper.m in Sources */,
				5F74505A2435BF12005F6E4B /* NewvalueChange.m in Sources */,
				5F7450532435BF12005F6E4B /* DLTime.m in Sources */,
				5F74502A2435BF12005F6E4B /* ZhugeAutoTrackUtils.m in Sources */,
				5F74505B2435BF12005F6E4B /* registerOpen.m in Sources */,
				5F74507C2435BF12005F6E4B /* NSObject+ZGAutoTrack.m in Sources */,
				5F74505F2435BF12005F6E4B /* DeepShareImpl.m in Sources */,
				5F7450612435BF12005F6E4B /* DLSystemObserver.m in Sources */,
				5F7450772435BF12005F6E4B /* NSObject+Zhuge.m in Sources */,
				5F74506C2435BF12005F6E4B /* UIViewController+Zhuge.m in Sources */,
				5F74502C2435BF12005F6E4B /* UIGestureRecognizer+Zhuge.m in Sources */,
				5F74503B2435BF12005F6E4B /* ZhugeBase64.m in Sources */,
				5F7450442435BF12005F6E4B /* DSEncodingUtils.m in Sources */,
			);
			runOnlyForDeploymentPostprocessing = 0;
		};
		5FBA1550237A906D00976A39 /* Sources */ = {
			isa = PBXSourcesBuildPhase;
			buildActionMask = 2147483647;
			files = (
				5FBA155E237A906E00976A39 /* ViewController.m in Sources */,
				5FBA1558237A906E00976A39 /* AppDelegate.m in Sources */,
				5FBA1569237A907100976A39 /* main.m in Sources */,
				5FBA155B237A906E00976A39 /* SceneDelegate.m in Sources */,
			);
			runOnlyForDeploymentPostprocessing = 0;
		};
/* End PBXSourcesBuildPhase section */

/* Begin PBXVariantGroup section */
		5FBA155F237A906E00976A39 /* Main.storyboard */ = {
			isa = PBXVariantGroup;
			children = (
				5FBA1560237A906E00976A39 /* Base */,
			);
			name = Main.storyboard;
			sourceTree = "<group>";
		};
		5FBA1564237A907100976A39 /* LaunchScreen.storyboard */ = {
			isa = PBXVariantGroup;
			children = (
				5FBA1565237A907100976A39 /* Base */,
			);
			name = LaunchScreen.storyboard;
			sourceTree = "<group>";
		};
/* End PBXVariantGroup section */

/* Begin XCBuildConfiguration section */
		5FBA14B0237A8CBC00976A39 /* Debug */ = {
			isa = XCBuildConfiguration;
			buildSettings = {
				ALWAYS_SEARCH_USER_PATHS = NO;
				CLANG_ANALYZER_LOCALIZABILITY_NONLOCALIZED = YES;
				CLANG_ANALYZER_NONNULL = YES;
				CLANG_ANALYZER_NUMBER_OBJECT_CONVERSION = YES_AGGRESSIVE;
				CLANG_CXX_LANGUAGE_STANDARD = "gnu++14";
				CLANG_CXX_LIBRARY = "libc++";
				CLANG_ENABLE_MODULES = YES;
				CLANG_ENABLE_OBJC_ARC = YES;
				CLANG_ENABLE_OBJC_WEAK = YES;
				CLANG_WARN_BLOCK_CAPTURE_AUTORELEASING = YES;
				CLANG_WARN_BOOL_CONVERSION = YES;
				CLANG_WARN_COMMA = YES;
				CLANG_WARN_CONSTANT_CONVERSION = YES;
				CLANG_WARN_DEPRECATED_OBJC_IMPLEMENTATIONS = YES;
				CLANG_WARN_DIRECT_OBJC_ISA_USAGE = YES_ERROR;
				CLANG_WARN_DOCUMENTATION_COMMENTS = YES;
				CLANG_WARN_EMPTY_BODY = YES;
				CLANG_WARN_ENUM_CONVERSION = YES;
				CLANG_WARN_INFINITE_RECURSION = YES;
				CLANG_WARN_INT_CONVERSION = YES;
				CLANG_WARN_NON_LITERAL_NULL_CONVERSION = YES;
				CLANG_WARN_OBJC_IMPLICIT_RETAIN_SELF = YES;
				CLANG_WARN_OBJC_LITERAL_CONVERSION = YES;
				CLANG_WARN_OBJC_ROOT_CLASS = YES_ERROR;
				CLANG_WARN_RANGE_LOOP_ANALYSIS = YES;
				CLANG_WARN_STRICT_PROTOTYPES = YES;
				CLANG_WARN_SUSPICIOUS_MOVE = YES;
				CLANG_WARN_UNGUARDED_AVAILABILITY = YES_AGGRESSIVE;
				CLANG_WARN_UNREACHABLE_CODE = YES;
				CLANG_WARN__DUPLICATE_METHOD_MATCH = YES;
				COPY_PHASE_STRIP = NO;
				CURRENT_PROJECT_VERSION = 1;
				DEBUG_INFORMATION_FORMAT = dwarf;
				ENABLE_STRICT_OBJC_MSGSEND = YES;
				ENABLE_TESTABILITY = YES;
				GCC_C_LANGUAGE_STANDARD = gnu11;
				GCC_DYNAMIC_NO_PIC = NO;
				GCC_NO_COMMON_BLOCKS = YES;
				GCC_OPTIMIZATION_LEVEL = 0;
				GCC_PREPROCESSOR_DEFINITIONS = (
					"DEBUG=1",
					"$(inherited)",
				);
				GCC_WARN_64_TO_32_BIT_CONVERSION = YES;
				GCC_WARN_ABOUT_RETURN_TYPE = YES_ERROR;
				GCC_WARN_UNDECLARED_SELECTOR = YES;
				GCC_WARN_UNINITIALIZED_AUTOS = YES_AGGRESSIVE;
				GCC_WARN_UNUSED_FUNCTION = YES;
				GCC_WARN_UNUSED_VARIABLE = YES;
				IPHONEOS_DEPLOYMENT_TARGET = 13.0;
				MTL_ENABLE_DEBUG_INFO = INCLUDE_SOURCE;
				MTL_FAST_MATH = YES;
				ONLY_ACTIVE_ARCH = YES;
				SDKROOT = iphoneos;
				VERSIONING_SYSTEM = "apple-generic";
				VERSION_INFO_PREFIX = "";
			};
			name = Debug;
		};
		5FBA14B1237A8CBC00976A39 /* Release */ = {
			isa = XCBuildConfiguration;
			buildSettings = {
				ALWAYS_SEARCH_USER_PATHS = NO;
				CLANG_ANALYZER_LOCALIZABILITY_NONLOCALIZED = YES;
				CLANG_ANALYZER_NONNULL = YES;
				CLANG_ANALYZER_NUMBER_OBJECT_CONVERSION = YES_AGGRESSIVE;
				CLANG_CXX_LANGUAGE_STANDARD = "gnu++14";
				CLANG_CXX_LIBRARY = "libc++";
				CLANG_ENABLE_MODULES = YES;
				CLANG_ENABLE_OBJC_ARC = YES;
				CLANG_ENABLE_OBJC_WEAK = YES;
				CLANG_WARN_BLOCK_CAPTURE_AUTORELEASING = YES;
				CLANG_WARN_BOOL_CONVERSION = YES;
				CLANG_WARN_COMMA = YES;
				CLANG_WARN_CONSTANT_CONVERSION = YES;
				CLANG_WARN_DEPRECATED_OBJC_IMPLEMENTATIONS = YES;
				CLANG_WARN_DIRECT_OBJC_ISA_USAGE = YES_ERROR;
				CLANG_WARN_DOCUMENTATION_COMMENTS = YES;
				CLANG_WARN_EMPTY_BODY = YES;
				CLANG_WARN_ENUM_CONVERSION = YES;
				CLANG_WARN_INFINITE_RECURSION = YES;
				CLANG_WARN_INT_CONVERSION = YES;
				CLANG_WARN_NON_LITERAL_NULL_CONVERSION = YES;
				CLANG_WARN_OBJC_IMPLICIT_RETAIN_SELF = YES;
				CLANG_WARN_OBJC_LITERAL_CONVERSION = YES;
				CLANG_WARN_OBJC_ROOT_CLASS = YES_ERROR;
				CLANG_WARN_RANGE_LOOP_ANALYSIS = YES;
				CLANG_WARN_STRICT_PROTOTYPES = YES;
				CLANG_WARN_SUSPICIOUS_MOVE = YES;
				CLANG_WARN_UNGUARDED_AVAILABILITY = YES_AGGRESSIVE;
				CLANG_WARN_UNREACHABLE_CODE = YES;
				CLANG_WARN__DUPLICATE_METHOD_MATCH = YES;
				COPY_PHASE_STRIP = NO;
				CURRENT_PROJECT_VERSION = 1;
				DEBUG_INFORMATION_FORMAT = "dwarf-with-dsym";
				ENABLE_NS_ASSERTIONS = NO;
				ENABLE_STRICT_OBJC_MSGSEND = YES;
				GCC_C_LANGUAGE_STANDARD = gnu11;
				GCC_NO_COMMON_BLOCKS = YES;
				GCC_WARN_64_TO_32_BIT_CONVERSION = YES;
				GCC_WARN_ABOUT_RETURN_TYPE = YES_ERROR;
				GCC_WARN_UNDECLARED_SELECTOR = YES;
				GCC_WARN_UNINITIALIZED_AUTOS = YES_AGGRESSIVE;
				GCC_WARN_UNUSED_FUNCTION = YES;
				GCC_WARN_UNUSED_VARIABLE = YES;
				IPHONEOS_DEPLOYMENT_TARGET = 13.0;
				MTL_ENABLE_DEBUG_INFO = NO;
				MTL_FAST_MATH = YES;
				SDKROOT = iphoneos;
				VALIDATE_PRODUCT = YES;
				VERSIONING_SYSTEM = "apple-generic";
				VERSION_INFO_PREFIX = "";
			};
			name = Release;
		};
		5FBA14B3237A8CBC00976A39 /* Debug */ = {
			isa = XCBuildConfiguration;
			buildSettings = {
				CODE_SIGN_STYLE = Automatic;
				CURRENT_PROJECT_VERSION = 5;
				DEAD_CODE_STRIPPING = NO;
				DEFINES_MODULE = YES;
				DEVELOPMENT_TEAM = S63Y8AL2QU;
				DYLIB_COMPATIBILITY_VERSION = 1;
				DYLIB_CURRENT_VERSION = 1;
				DYLIB_INSTALL_NAME_BASE = "@rpath";
				GCC_PREPROCESSOR_DEFINITIONS = (
					"DEBUG=1",
					"$(inherited)",
					"ZHUGE_LOG=1",
				);
				INFOPLIST_FILE = Zhugeio/Info.plist;
				INSTALL_PATH = "$(LOCAL_LIBRARY_DIR)/Frameworks";
				IPHONEOS_DEPLOYMENT_TARGET = 8.0;
				LD_RUNPATH_SEARCH_PATHS = (
					"$(inherited)",
					"@executable_path/Frameworks",
					"@loader_path/Frameworks",
				);
				LINK_WITH_STANDARD_LIBRARIES = NO;
				MACH_O_TYPE = staticlib;
				MARKETING_VERSION = 3.4.5;
				PRODUCT_BUNDLE_IDENTIFIER = com.zhugeio;
				PRODUCT_NAME = "$(TARGET_NAME:c99extidentifier)";
				SKIP_INSTALL = YES;
				TARGETED_DEVICE_FAMILY = "1,2";
			};
			name = Debug;
		};
		5FBA14B4237A8CBC00976A39 /* Release */ = {
			isa = XCBuildConfiguration;
			buildSettings = {
				CODE_SIGN_STYLE = Automatic;
				CURRENT_PROJECT_VERSION = 5;
				DEAD_CODE_STRIPPING = NO;
				DEFINES_MODULE = YES;
				DEVELOPMENT_TEAM = S63Y8AL2QU;
				DYLIB_COMPATIBILITY_VERSION = 1;
				DYLIB_CURRENT_VERSION = 1;
				DYLIB_INSTALL_NAME_BASE = "@rpath";
				INFOPLIST_FILE = Zhugeio/Info.plist;
				INSTALL_PATH = "$(LOCAL_LIBRARY_DIR)/Frameworks";
				IPHONEOS_DEPLOYMENT_TARGET = 8.0;
				LD_RUNPATH_SEARCH_PATHS = (
					"$(inherited)",
					"@executable_path/Frameworks",
					"@loader_path/Frameworks",
				);
				LINK_WITH_STANDARD_LIBRARIES = NO;
				MACH_O_TYPE = staticlib;
				MARKETING_VERSION = 3.4.5;
				PRODUCT_BUNDLE_IDENTIFIER = com.zhugeio;
				PRODUCT_NAME = "$(TARGET_NAME:c99extidentifier)";
				SKIP_INSTALL = YES;
				TARGETED_DEVICE_FAMILY = "1,2";
			};
			name = Release;
		};
		5FBA156B237A907100976A39 /* Debug */ = {
			isa = XCBuildConfiguration;
			buildSettings = {
				ASSETCATALOG_COMPILER_APPICON_NAME = AppIcon;
				CODE_SIGN_STYLE = Automatic;
				DEVELOPMENT_TEAM = S63Y8AL2QU;
				GCC_PREPROCESSOR_DEFINITIONS = (
					"DEBUG=1",
					"$(inherited)",
					"ZHUGE_LOG=1",
				);
				INFOPLIST_FILE = SampleProject/Info.plist;
				IPHONEOS_DEPLOYMENT_TARGET = 11.4;
				LD_RUNPATH_SEARCH_PATHS = (
					"$(inherited)",
					"@executable_path/Frameworks",
				);
				PRODUCT_BUNDLE_IDENTIFIER = Macrolor.SampleProject;
				PRODUCT_NAME = "$(TARGET_NAME)";
				TARGETED_DEVICE_FAMILY = "1,2";
			};
			name = Debug;
		};
		5FBA156C237A907100976A39 /* Release */ = {
			isa = XCBuildConfiguration;
			buildSettings = {
				ASSETCATALOG_COMPILER_APPICON_NAME = AppIcon;
				CODE_SIGN_STYLE = Automatic;
				DEVELOPMENT_TEAM = S63Y8AL2QU;
				INFOPLIST_FILE = SampleProject/Info.plist;
				IPHONEOS_DEPLOYMENT_TARGET = 11.4;
				LD_RUNPATH_SEARCH_PATHS = (
					"$(inherited)",
					"@executable_path/Frameworks",
				);
				PRODUCT_BUNDLE_IDENTIFIER = Macrolor.SampleProject;
				PRODUCT_NAME = "$(TARGET_NAME)";
				TARGETED_DEVICE_FAMILY = "1,2";
			};
			name = Release;
		};
/* End XCBuildConfiguration section */

/* Begin XCConfigurationList section */
		5FBA14A4237A8CBC00976A39 /* Build configuration list for PBXProject "Zhugeio" */ = {
			isa = XCConfigurationList;
			buildConfigurations = (
				5FBA14B0237A8CBC00976A39 /* Debug */,
				5FBA14B1237A8CBC00976A39 /* Release */,
			);
			defaultConfigurationIsVisible = 0;
			defaultConfigurationName = Release;
		};
		5FBA14B2237A8CBC00976A39 /* Build configuration list for PBXNativeTarget "Zhugeio" */ = {
			isa = XCConfigurationList;
			buildConfigurations = (
				5FBA14B3237A8CBC00976A39 /* Debug */,
				5FBA14B4237A8CBC00976A39 /* Release */,
			);
			defaultConfigurationIsVisible = 0;
			defaultConfigurationName = Release;
		};
		5FBA156A237A907100976A39 /* Build configuration list for PBXNativeTarget "SampleProject" */ = {
			isa = XCConfigurationList;
			buildConfigurations = (
				5FBA156B237A907100976A39 /* Debug */,
				5FBA156C237A907100976A39 /* Release */,
			);
			defaultConfigurationIsVisible = 0;
			defaultConfigurationName = Release;
		};
/* End XCConfigurationList section */
	};
	rootObject = 5FBA14A1237A8CBC00976A39 /* Project object */;
}
