// !$*UTF8*$!
{
	archiveVersion = 1;
	classes = {
	};
	objectVersion = 50;
	objects = {

/* Begin PBXBuildFile section */
		5FBA1558237A906E00976A39 /* AppDelegate.m in Sources */ = {isa = PBXBuildFile; fileRef = 5FBA1557237A906E00976A39 /* AppDelegate.m */; };
		5FBA155B237A906E00976A39 /* SceneDelegate.m in Sources */ = {isa = PBXBuildFile; fileRef = 5FBA155A237A906E00976A39 /* SceneDelegate.m */; };
		5FBA155E237A906E00976A39 /* ViewController.m in Sources */ = {isa = PBXBuildFile; fileRef = 5FBA155D237A906E00976A39 /* ViewController.m */; };
		5FBA1561237A906E00976A39 /* Main.storyboard in Resources */ = {isa = PBXBuildFile; fileRef = 5FBA155F237A906E00976A39 /* Main.storyboard */; };
		5FBA1563237A907100976A39 /* Assets.xcassets in Resources */ = {isa = PBXBuildFile; fileRef = 5FBA1562237A907100976A39 /* Assets.xcassets */; };
		5FBA1566237A907100976A39 /* LaunchScreen.storyboard in Resources */ = {isa = PBXBuildFile; fileRef = 5FBA1564237A907100976A39 /* LaunchScreen.storyboard */; };
		5FBA1569237A907100976A39 /* main.m in Sources */ = {isa = PBXBuildFile; fileRef = 5FBA1568237A907100976A39 /* main.m */; };
		5FBA1570237A9A1200976A39 /* Zhugeio.framework in Frameworks */ = {isa = PBXBuildFile; fileRef = 5FBA14AA237A8CBC00976A39 /* Zhugeio.framework */; };
		5FEE74B824D43015009A29BF /* UICollectionView+ZGAnalytics.m in Sources */ = {isa = PBXBuildFile; fileRef = 5FEE745624D43015009A29BF /* UICollectionView+ZGAnalytics.m */; };
		5FEE74B924D43015009A29BF /* UITableView+ZGAnalytics.h in Headers */ = {isa = PBXBuildFile; fileRef = 5FEE745724D43015009A29BF /* UITableView+ZGAnalytics.h */; };
		5FEE74BA24D43015009A29BF /* NSObject+ZGAutoTrack.m in Sources */ = {isa = PBXBuildFile; fileRef = 5FEE745824D43015009A29BF /* NSObject+ZGAutoTrack.m */; };
		5FEE74BB24D43015009A29BF /* WKWebView+ZGAnalytics.h in Headers */ = {isa = PBXBuildFile; fileRef = 5FEE745924D43015009A29BF /* WKWebView+ZGAnalytics.h */; };
		5FEE74BC24D43015009A29BF /* NSObject+ZGAutoTrack.h in Headers */ = {isa = PBXBuildFile; fileRef = 5FEE745A24D43015009A29BF /* NSObject+ZGAutoTrack.h */; };
		5FEE74BD24D43015009A29BF /* UITableView+ZGAnalytics.m in Sources */ = {isa = PBXBuildFile; fileRef = 5FEE745B24D43015009A29BF /* UITableView+ZGAnalytics.m */; };
		5FEE74BE24D43015009A29BF /* UICollectionView+ZGAnalytics.h in Headers */ = {isa = PBXBuildFile; fileRef = 5FEE745C24D43015009A29BF /* UICollectionView+ZGAnalytics.h */; };
		5FEE74BF24D43015009A29BF /* WKWebView+ZGAnalytics.m in Sources */ = {isa = PBXBuildFile; fileRef = 5FEE745D24D43015009A29BF /* WKWebView+ZGAnalytics.m */; };
		5FEE74C024D43015009A29BF /* Aspects.h in Headers */ = {isa = PBXBuildFile; fileRef = 5FEE745F24D43015009A29BF /* Aspects.h */; };
		5FEE74C124D43015009A29BF /* ZGCMMotionManager.m in Sources */ = {isa = PBXBuildFile; fileRef = 5FEE746024D43015009A29BF /* ZGCMMotionManager.m */; };
		5FEE74C224D43015009A29BF /* ZGUtils.m in Sources */ = {isa = PBXBuildFile; fileRef = 5FEE746124D43015009A29BF /* ZGUtils.m */; };
		5FEE74C324D43015009A29BF /* ZGLocationManager.h in Headers */ = {isa = PBXBuildFile; fileRef = 5FEE746224D43015009A29BF /* ZGLocationManager.h */; };
		5FEE74C424D43015009A29BF /* ZGCMMotionManager.h in Headers */ = {isa = PBXBuildFile; fileRef = 5FEE746324D43015009A29BF /* ZGCMMotionManager.h */; };
		5FEE74C524D43015009A29BF /* Aspects.m in Sources */ = {isa = PBXBuildFile; fileRef = 5FEE746424D43015009A29BF /* Aspects.m */; };
		5FEE74C624D43015009A29BF /* ZGLocationManager.m in Sources */ = {isa = PBXBuildFile; fileRef = 5FEE746524D43015009A29BF /* ZGLocationManager.m */; };
		5FEE74C724D43015009A29BF /* ZGUtils.h in Headers */ = {isa = PBXBuildFile; fileRef = 5FEE746624D43015009A29BF /* ZGUtils.h */; };
		5FEE74C824D43015009A29BF /* UIGestureRecognizer+Zhuge.h in Headers */ = {isa = PBXBuildFile; fileRef = 5FEE746824D43015009A29BF /* UIGestureRecognizer+Zhuge.h */; };
		5FEE74C924D43015009A29BF /* ZhugeAutoTrackUtils.m in Sources */ = {isa = PBXBuildFile; fileRef = 5FEE746924D43015009A29BF /* ZhugeAutoTrackUtils.m */; };
		5FEE74CA24D43015009A29BF /* ZhugeSwizzle.m in Sources */ = {isa = PBXBuildFile; fileRef = 5FEE746A24D43015009A29BF /* ZhugeSwizzle.m */; };
		5FEE74CB24D43015009A29BF /* UIGestureRecognizer+Zhuge.m in Sources */ = {isa = PBXBuildFile; fileRef = 5FEE746B24D43015009A29BF /* UIGestureRecognizer+Zhuge.m */; };
		5FEE74CC24D43015009A29BF /* ZhugeAutoTrackUtils.h in Headers */ = {isa = PBXBuildFile; fileRef = 5FEE746C24D43015009A29BF /* ZhugeAutoTrackUtils.h */; };
		5FEE74CD24D43015009A29BF /* ZhugeSwizzle.h in Headers */ = {isa = PBXBuildFile; fileRef = 5FEE746D24D43015009A29BF /* ZhugeSwizzle.h */; };
		5FEE74CE24D43015009A29BF /* Zhuge.m in Sources */ = {isa = PBXBuildFile; fileRef = 5FEE746F24D43015009A29BF /* Zhuge.m */; };
		5FEE74CF24D43015009A29BF /* ZhugeCompres.h in Headers */ = {isa = PBXBuildFile; fileRef = 5FEE747024D43015009A29BF /* ZhugeCompres.h */; };
		5FEE74D024D43015009A29BF /* ZhugeEvents.h in Headers */ = {isa = PBXBuildFile; fileRef = 5FEE747124D43015009A29BF /* ZhugeEvents.h */; };
		5FEE74D124D43015009A29BF /* ZhugeJS.h in Headers */ = {isa = PBXBuildFile; fileRef = 5FEE747224D43015009A29BF /* ZhugeJS.h */; };
		5FEE74D224D43015009A29BF /* ZhugeConstants.h in Headers */ = {isa = PBXBuildFile; fileRef = 5FEE747324D43015009A29BF /* ZhugeConstants.h */; };
		5FEE74D324D43015009A29BF /* ZhugeConfig.h in Headers */ = {isa = PBXBuildFile; fileRef = 5FEE747424D43015009A29BF /* ZhugeConfig.h */; };
		5FEE74D424D43015009A29BF /* ZhugeBase64.h in Headers */ = {isa = PBXBuildFile; fileRef = 5FEE747524D43015009A29BF /* ZhugeBase64.h */; };
		5FEE74D524D43015009A29BF /* ZhugeEventProperty.h in Headers */ = {isa = PBXBuildFile; fileRef = 5FEE747624D43015009A29BF /* ZhugeEventProperty.h */; };
		5FEE74D624D43015009A29BF /* ZGLog.h in Headers */ = {isa = PBXBuildFile; fileRef = 5FEE747724D43015009A29BF /* ZGLog.h */; };
		5FEE74D724D43015009A29BF /* ZhugeCompres.m in Sources */ = {isa = PBXBuildFile; fileRef = 5FEE747824D43015009A29BF /* ZhugeCompres.m */; };
		5FEE74D824D43015009A29BF /* Zhuge.h in Headers */ = {isa = PBXBuildFile; fileRef = 5FEE747924D43015009A29BF /* Zhuge.h */; };
		5FEE74D924D43015009A29BF /* ZhugeJS.m in Sources */ = {isa = PBXBuildFile; fileRef = 5FEE747A24D43015009A29BF /* ZhugeJS.m */; };
		5FEE74DA24D43015009A29BF /* ZhugeBase64.m in Sources */ = {isa = PBXBuildFile; fileRef = 5FEE747B24D43015009A29BF /* ZhugeBase64.m */; };
		5FEE74DB24D43015009A29BF /* ZhugeConfig.m in Sources */ = {isa = PBXBuildFile; fileRef = 5FEE747C24D43015009A29BF /* ZhugeConfig.m */; };
		5FEE74DC24D43015009A29BF /* ZGSharedDur.h in Headers */ = {isa = PBXBuildFile; fileRef = 5FEE747E24D43015009A29BF /* ZGSharedDur.h */; };
		5FEE74DD24D43015009A29BF /* NSObject+Zhuge.h in Headers */ = {isa = PBXBuildFile; fileRef = 5FEE747F24D43015009A29BF /* NSObject+Zhuge.h */; };
		5FEE74DE24D43015009A29BF /* UIViewController+Zhuge.m in Sources */ = {isa = PBXBuildFile; fileRef = 5FEE748024D43015009A29BF /* UIViewController+Zhuge.m */; };
		5FEE74DF24D43015009A29BF /* ZGReachability.m in Sources */ = {isa = PBXBuildFile; fileRef = 5FEE748124D43015009A29BF /* ZGReachability.m */; };
		5FEE74E024D43015009A29BF /* ZGHttpHelper.m in Sources */ = {isa = PBXBuildFile; fileRef = 5FEE748224D43015009A29BF /* ZGHttpHelper.m */; };
		5FEE74E124D43015009A29BF /* UIApplication+Zhuge.h in Headers */ = {isa = PBXBuildFile; fileRef = 5FEE748324D43015009A29BF /* UIApplication+Zhuge.h */; };
		5FEE74E224D43015009A29BF /* ZGUtil.h in Headers */ = {isa = PBXBuildFile; fileRef = 5FEE748424D43015009A29BF /* ZGUtil.h */; };
		5FEE74E324D43015009A29BF /* ZGSqliteManager.h in Headers */ = {isa = PBXBuildFile; fileRef = 5FEE748524D43015009A29BF /* ZGSqliteManager.h */; };
		5FEE74E424D43015009A29BF /* ZGSharedDur.m in Sources */ = {isa = PBXBuildFile; fileRef = 5FEE748624D43015009A29BF /* ZGSharedDur.m */; };
		5FEE74E524D43015009A29BF /* UIApplication+Zhuge.m in Sources */ = {isa = PBXBuildFile; fileRef = 5FEE748724D43015009A29BF /* UIApplication+Zhuge.m */; };
		5FEE74E624D43015009A29BF /* UIViewController+Zhuge.h in Headers */ = {isa = PBXBuildFile; fileRef = 5FEE748824D43015009A29BF /* UIViewController+Zhuge.h */; };
		5FEE74E724D43015009A29BF /* ZGHttpHelper.h in Headers */ = {isa = PBXBuildFile; fileRef = 5FEE748924D43015009A29BF /* ZGHttpHelper.h */; };
		5FEE74E824D43015009A29BF /* ZGReachability.h in Headers */ = {isa = PBXBuildFile; fileRef = 5FEE748A24D43015009A29BF /* ZGReachability.h */; };
		5FEE74E924D43015009A29BF /* NSObject+Zhuge.m in Sources */ = {isa = PBXBuildFile; fileRef = 5FEE748B24D43015009A29BF /* NSObject+Zhuge.m */; };
		5FEE74EA24D43015009A29BF /* ZGUtil.m in Sources */ = {isa = PBXBuildFile; fileRef = 5FEE748C24D43015009A29BF /* ZGUtil.m */; };
		5FEE74EB24D43015009A29BF /* ZGSqliteManager.m in Sources */ = {isa = PBXBuildFile; fileRef = 5FEE748D24D43015009A29BF /* ZGSqliteManager.m */; };
		5FEE74EC24D43015009A29BF /* DLServerInterface.h in Headers */ = {isa = PBXBuildFile; fileRef = 5FEE748F24D43015009A29BF /* DLServerInterface.h */; };
		5FEE74ED24D43015009A29BF /* DLServerResponse.m in Sources */ = {isa = PBXBuildFile; fileRef = 5FEE749024D43015009A29BF /* DLServerResponse.m */; };
		5FEE74EE24D43015009A29BF /* DLServerRequestQueue.m in Sources */ = {isa = PBXBuildFile; fileRef = 5FEE749124D43015009A29BF /* DLServerRequestQueue.m */; };
		5FEE74EF24D43015009A29BF /* DSError.m in Sources */ = {isa = PBXBuildFile; fileRef = 5FEE749224D43015009A29BF /* DSError.m */; };
		5FEE74F024D43015009A29BF /* DLServerRequest.h in Headers */ = {isa = PBXBuildFile; fileRef = 5FEE749324D43015009A29BF /* DLServerRequest.h */; };
		5FEE74F124D43015009A29BF /* DLPreferenceHelper.h in Headers */ = {isa = PBXBuildFile; fileRef = 5FEE749424D43015009A29BF /* DLPreferenceHelper.h */; };
		5FEE74F224D43015009A29BF /* DLTime.h in Headers */ = {isa = PBXBuildFile; fileRef = 5FEE749524D43015009A29BF /* DLTime.h */; };
		5FEE74F324D43015009A29BF /* DSEncodingUtils.m in Sources */ = {isa = PBXBuildFile; fileRef = 5FEE749624D43015009A29BF /* DSEncodingUtils.m */; };
		5FEE74F424D43015009A29BF /* clearNewUsage.h in Headers */ = {isa = PBXBuildFile; fileRef = 5FEE749724D43015009A29BF /* clearNewUsage.h */; };
		5FEE74F524D43015009A29BF /* DeepShareImpl.h in Headers */ = {isa = PBXBuildFile; fileRef = 5FEE749824D43015009A29BF /* DeepShareImpl.h */; };
		5FEE74F624D43015009A29BF /* DLStrongMatchHelper.h in Headers */ = {isa = PBXBuildFile; fileRef = 5FEE749924D43015009A29BF /* DLStrongMatchHelper.h */; };
		5FEE74F724D43015009A29BF /* DLConfig.h in Headers */ = {isa = PBXBuildFile; fileRef = 5FEE749A24D43015009A29BF /* DLConfig.h */; };
		5FEE74F824D43015009A29BF /* DeepShare.m in Sources */ = {isa = PBXBuildFile; fileRef = 5FEE749B24D43015009A29BF /* DeepShare.m */; };
		5FEE74F924D43015009A29BF /* DLViewController.m in Sources */ = {isa = PBXBuildFile; fileRef = 5FEE749C24D43015009A29BF /* DLViewController.m */; };
		5FEE74FA24D43015009A29BF /* getNewUsage.h in Headers */ = {isa = PBXBuildFile; fileRef = 5FEE749D24D43015009A29BF /* getNewUsage.h */; };
		5FEE74FB24D43015009A29BF /* DLSystemObserver.h in Headers */ = {isa = PBXBuildFile; fileRef = 5FEE749E24D43015009A29BF /* DLSystemObserver.h */; };
		5FEE74FC24D43015009A29BF /* DLServerRequestQueue.h in Headers */ = {isa = PBXBuildFile; fileRef = 5FEE749F24D43015009A29BF /* DLServerRequestQueue.h */; };
		5FEE74FD24D43015009A29BF /* DSError.h in Headers */ = {isa = PBXBuildFile; fileRef = 5FEE74A024D43015009A29BF /* DSError.h */; };
		5FEE74FE24D43015009A29BF /* DLServerResponse.h in Headers */ = {isa = PBXBuildFile; fileRef = 5FEE74A124D43015009A29BF /* DLServerResponse.h */; };
		5FEE74FF24D43015009A29BF /* DLServerInterface.m in Sources */ = {isa = PBXBuildFile; fileRef = 5FEE74A224D43015009A29BF /* DLServerInterface.m */; };
		5FEE750024D43015009A29BF /* clearNewUsage.m in Sources */ = {isa = PBXBuildFile; fileRef = 5FEE74A324D43015009A29BF /* clearNewUsage.m */; };
		5FEE750124D43015009A29BF /* DSEncodingUtils.h in Headers */ = {isa = PBXBuildFile; fileRef = 5FEE74A424D43015009A29BF /* DSEncodingUtils.h */; };
		5FEE750224D43015009A29BF /* DLTime.m in Sources */ = {isa = PBXBuildFile; fileRef = 5FEE74A524D43015009A29BF /* DLTime.m */; };
		5FEE750324D43015009A29BF /* DLPreferenceHelper.m in Sources */ = {isa = PBXBuildFile; fileRef = 5FEE74A624D43015009A29BF /* DLPreferenceHelper.m */; };
		5FEE750424D43015009A29BF /* DLServerRequest.m in Sources */ = {isa = PBXBuildFile; fileRef = 5FEE74A724D43015009A29BF /* DLServerRequest.m */; };
		5FEE750524D43015009A29BF /* NewvalueChange.h in Headers */ = {isa = PBXBuildFile; fileRef = 5FEE74A924D43015009A29BF /* NewvalueChange.h */; };
		5FEE750624D43015009A29BF /* registerOpen.h in Headers */ = {isa = PBXBuildFile; fileRef = 5FEE74AA24D43015009A29BF /* registerOpen.h */; };
		5FEE750724D43015009A29BF /* CallClose.m in Sources */ = {isa = PBXBuildFile; fileRef = 5FEE74AB24D43015009A29BF /* CallClose.m */; };
		5FEE750824D43015009A29BF /* registerInstall.h in Headers */ = {isa = PBXBuildFile; fileRef = 5FEE74AC24D43015009A29BF /* registerInstall.h */; };
		5FEE750924D43015009A29BF /* NewvalueChange.m in Sources */ = {isa = PBXBuildFile; fileRef = 5FEE74AD24D43015009A29BF /* NewvalueChange.m */; };
		5FEE750A24D43015009A29BF /* registerOpen.m in Sources */ = {isa = PBXBuildFile; fileRef = 5FEE74AE24D43015009A29BF /* registerOpen.m */; };
		5FEE750B24D43015009A29BF /* registerInstall.m in Sources */ = {isa = PBXBuildFile; fileRef = 5FEE74AF24D43015009A29BF /* registerInstall.m */; };
		5FEE750C24D43015009A29BF /* CallClose.h in Headers */ = {isa = PBXBuildFile; fileRef = 5FEE74B024D43015009A29BF /* CallClose.h */; };
		5FEE750D24D43015009A29BF /* DLStrongMatchHelper.m in Sources */ = {isa = PBXBuildFile; fileRef = 5FEE74B124D43015009A29BF /* DLStrongMatchHelper.m */; };
		5FEE750E24D43015009A29BF /* DeepShareImpl.m in Sources */ = {isa = PBXBuildFile; fileRef = 5FEE74B224D43015009A29BF /* DeepShareImpl.m */; };
		5FEE750F24D43015009A29BF /* DLParam.h in Headers */ = {isa = PBXBuildFile; fileRef = 5FEE74B324D43015009A29BF /* DLParam.h */; };
		5FEE751024D43015009A29BF /* DLSystemObserver.m in Sources */ = {isa = PBXBuildFile; fileRef = 5FEE74B424D43015009A29BF /* DLSystemObserver.m */; };
		5FEE751124D43015009A29BF /* getNewUsage.m in Sources */ = {isa = PBXBuildFile; fileRef = 5FEE74B524D43015009A29BF /* getNewUsage.m */; };
		5FEE751224D43015009A29BF /* DLViewController.h in Headers */ = {isa = PBXBuildFile; fileRef = 5FEE74B624D43015009A29BF /* DLViewController.h */; };
		5FEE751324D43015009A29BF /* DeepShare.h in Headers */ = {isa = PBXBuildFile; fileRef = 5FEE74B724D43015009A29BF /* DeepShare.h */; };
/* End PBXBuildFile section */

/* Begin PBXFileReference section */
		5FBA14AA237A8CBC00976A39 /* Zhugeio.framework */ = {isa = PBXFileReference; explicitFileType = wrapper.framework; includeInIndex = 0; path = Zhugeio.framework; sourceTree = BUILT_PRODUCTS_DIR; };
		5FBA1554237A906D00976A39 /* SampleProject.app */ = {isa = PBXFileReference; explicitFileType = wrapper.application; includeInIndex = 0; path = SampleProject.app; sourceTree = BUILT_PRODUCTS_DIR; };
		5FBA1556237A906E00976A39 /* AppDelegate.h */ = {isa = PBXFileReference; lastKnownFileType = sourcecode.c.h; path = AppDelegate.h; sourceTree = "<group>"; };
		5FBA1557237A906E00976A39 /* AppDelegate.m */ = {isa = PBXFileReference; lastKnownFileType = sourcecode.c.objc; path = AppDelegate.m; sourceTree = "<group>"; };
		5FBA1559237A906E00976A39 /* SceneDelegate.h */ = {isa = PBXFileReference; lastKnownFileType = sourcecode.c.h; path = SceneDelegate.h; sourceTree = "<group>"; };
		5FBA155A237A906E00976A39 /* SceneDelegate.m */ = {isa = PBXFileReference; lastKnownFileType = sourcecode.c.objc; path = SceneDelegate.m; sourceTree = "<group>"; };
		5FBA155C237A906E00976A39 /* ViewController.h */ = {isa = PBXFileReference; lastKnownFileType = sourcecode.c.h; path = ViewController.h; sourceTree = "<group>"; };
		5FBA155D237A906E00976A39 /* ViewController.m */ = {isa = PBXFileReference; lastKnownFileType = sourcecode.c.objc; path = ViewController.m; sourceTree = "<group>"; };
		5FBA1560237A906E00976A39 /* Base */ = {isa = PBXFileReference; lastKnownFileType = file.storyboard; name = Base; path = Base.lproj/Main.storyboard; sourceTree = "<group>"; };
		5FBA1562237A907100976A39 /* Assets.xcassets */ = {isa = PBXFileReference; lastKnownFileType = folder.assetcatalog; path = Assets.xcassets; sourceTree = "<group>"; };
		5FBA1565237A907100976A39 /* Base */ = {isa = PBXFileReference; lastKnownFileType = file.storyboard; name = Base; path = Base.lproj/LaunchScreen.storyboard; sourceTree = "<group>"; };
		5FBA1567237A907100976A39 /* Info.plist */ = {isa = PBXFileReference; lastKnownFileType = text.plist.xml; path = Info.plist; sourceTree = "<group>"; };
		5FBA1568237A907100976A39 /* main.m */ = {isa = PBXFileReference; lastKnownFileType = sourcecode.c.objc; path = main.m; sourceTree = "<group>"; };
		5FEE745624D43015009A29BF /* UICollectionView+ZGAnalytics.m */ = {isa = PBXFileReference; fileEncoding = 4; lastKnownFileType = sourcecode.c.objc; path = "UICollectionView+ZGAnalytics.m"; sourceTree = "<group>"; };
		5FEE745724D43015009A29BF /* UITableView+ZGAnalytics.h */ = {isa = PBXFileReference; fileEncoding = 4; lastKnownFileType = sourcecode.c.h; path = "UITableView+ZGAnalytics.h"; sourceTree = "<group>"; };
		5FEE745824D43015009A29BF /* NSObject+ZGAutoTrack.m */ = {isa = PBXFileReference; fileEncoding = 4; lastKnownFileType = sourcecode.c.objc; path = "NSObject+ZGAutoTrack.m"; sourceTree = "<group>"; };
		5FEE745924D43015009A29BF /* WKWebView+ZGAnalytics.h */ = {isa = PBXFileReference; fileEncoding = 4; lastKnownFileType = sourcecode.c.h; path = "WKWebView+ZGAnalytics.h"; sourceTree = "<group>"; };
		5FEE745A24D43015009A29BF /* NSObject+ZGAutoTrack.h */ = {isa = PBXFileReference; fileEncoding = 4; lastKnownFileType = sourcecode.c.h; path = "NSObject+ZGAutoTrack.h"; sourceTree = "<group>"; };
		5FEE745B24D43015009A29BF /* UITableView+ZGAnalytics.m */ = {isa = PBXFileReference; fileEncoding = 4; lastKnownFileType = sourcecode.c.objc; path = "UITableView+ZGAnalytics.m"; sourceTree = "<group>"; };
		5FEE745C24D43015009A29BF /* UICollectionView+ZGAnalytics.h */ = {isa = PBXFileReference; fileEncoding = 4; lastKnownFileType = sourcecode.c.h; path = "UICollectionView+ZGAnalytics.h"; sourceTree = "<group>"; };
		5FEE745D24D43015009A29BF /* WKWebView+ZGAnalytics.m */ = {isa = PBXFileReference; fileEncoding = 4; lastKnownFileType = sourcecode.c.objc; path = "WKWebView+ZGAnalytics.m"; sourceTree = "<group>"; };
		5FEE745F24D43015009A29BF /* Aspects.h */ = {isa = PBXFileReference; fileEncoding = 4; lastKnownFileType = sourcecode.c.h; path = Aspects.h; sourceTree = "<group>"; };
		5FEE746024D43015009A29BF /* ZGCMMotionManager.m */ = {isa = PBXFileReference; fileEncoding = 4; lastKnownFileType = sourcecode.c.objc; path = ZGCMMotionManager.m; sourceTree = "<group>"; };
		5FEE746124D43015009A29BF /* ZGUtils.m */ = {isa = PBXFileReference; fileEncoding = 4; lastKnownFileType = sourcecode.c.objc; path = ZGUtils.m; sourceTree = "<group>"; };
		5FEE746224D43015009A29BF /* ZGLocationManager.h */ = {isa = PBXFileReference; fileEncoding = 4; lastKnownFileType = sourcecode.c.h; path = ZGLocationManager.h; sourceTree = "<group>"; };
		5FEE746324D43015009A29BF /* ZGCMMotionManager.h */ = {isa = PBXFileReference; fileEncoding = 4; lastKnownFileType = sourcecode.c.h; path = ZGCMMotionManager.h; sourceTree = "<group>"; };
		5FEE746424D43015009A29BF /* Aspects.m */ = {isa = PBXFileReference; fileEncoding = 4; lastKnownFileType = sourcecode.c.objc; path = Aspects.m; sourceTree = "<group>"; };
		5FEE746524D43015009A29BF /* ZGLocationManager.m */ = {isa = PBXFileReference; fileEncoding = 4; lastKnownFileType = sourcecode.c.objc; path = ZGLocationManager.m; sourceTree = "<group>"; };
		5FEE746624D43015009A29BF /* ZGUtils.h */ = {isa = PBXFileReference; fileEncoding = 4; lastKnownFileType = sourcecode.c.h; path = ZGUtils.h; sourceTree = "<group>"; };
		5FEE746824D43015009A29BF /* UIGestureRecognizer+Zhuge.h */ = {isa = PBXFileReference; fileEncoding = 4; lastKnownFileType = sourcecode.c.h; path = "UIGestureRecognizer+Zhuge.h"; sourceTree = "<group>"; };
		5FEE746924D43015009A29BF /* ZhugeAutoTrackUtils.m */ = {isa = PBXFileReference; fileEncoding = 4; lastKnownFileType = sourcecode.c.objc; path = ZhugeAutoTrackUtils.m; sourceTree = "<group>"; };
		5FEE746A24D43015009A29BF /* ZhugeSwizzle.m */ = {isa = PBXFileReference; fileEncoding = 4; lastKnownFileType = sourcecode.c.objc; path = ZhugeSwizzle.m; sourceTree = "<group>"; };
		5FEE746B24D43015009A29BF /* UIGestureRecognizer+Zhuge.m */ = {isa = PBXFileReference; fileEncoding = 4; lastKnownFileType = sourcecode.c.objc; path = "UIGestureRecognizer+Zhuge.m"; sourceTree = "<group>"; };
		5FEE746C24D43015009A29BF /* ZhugeAutoTrackUtils.h */ = {isa = PBXFileReference; fileEncoding = 4; lastKnownFileType = sourcecode.c.h; path = ZhugeAutoTrackUtils.h; sourceTree = "<group>"; };
		5FEE746D24D43015009A29BF /* ZhugeSwizzle.h */ = {isa = PBXFileReference; fileEncoding = 4; lastKnownFileType = sourcecode.c.h; path = ZhugeSwizzle.h; sourceTree = "<group>"; };
		5FEE746F24D43015009A29BF /* Zhuge.m */ = {isa = PBXFileReference; fileEncoding = 4; lastKnownFileType = sourcecode.c.objc; path = Zhuge.m; sourceTree = "<group>"; };
		5FEE747024D43015009A29BF /* ZhugeCompres.h */ = {isa = PBXFileReference; fileEncoding = 4; lastKnownFileType = sourcecode.c.h; path = ZhugeCompres.h; sourceTree = "<group>"; };
		5FEE747124D43015009A29BF /* ZhugeEvents.h */ = {isa = PBXFileReference; fileEncoding = 4; lastKnownFileType = sourcecode.c.h; path = ZhugeEvents.h; sourceTree = "<group>"; };
		5FEE747224D43015009A29BF /* ZhugeJS.h */ = {isa = PBXFileReference; fileEncoding = 4; lastKnownFileType = sourcecode.c.h; path = ZhugeJS.h; sourceTree = "<group>"; };
		5FEE747324D43015009A29BF /* ZhugeConstants.h */ = {isa = PBXFileReference; fileEncoding = 4; lastKnownFileType = sourcecode.c.h; path = ZhugeConstants.h; sourceTree = "<group>"; };
		5FEE747424D43015009A29BF /* ZhugeConfig.h */ = {isa = PBXFileReference; fileEncoding = 4; lastKnownFileType = sourcecode.c.h; path = ZhugeConfig.h; sourceTree = "<group>"; };
		5FEE747524D43015009A29BF /* ZhugeBase64.h */ = {isa = PBXFileReference; fileEncoding = 4; lastKnownFileType = sourcecode.c.h; path = ZhugeBase64.h; sourceTree = "<group>"; };
		5FEE747624D43015009A29BF /* ZhugeEventProperty.h */ = {isa = PBXFileReference; fileEncoding = 4; lastKnownFileType = sourcecode.c.h; path = ZhugeEventProperty.h; sourceTree = "<group>"; };
		5FEE747724D43015009A29BF /* ZGLog.h */ = {isa = PBXFileReference; fileEncoding = 4; lastKnownFileType = sourcecode.c.h; path = ZGLog.h; sourceTree = "<group>"; };
		5FEE747824D43015009A29BF /* ZhugeCompres.m */ = {isa = PBXFileReference; fileEncoding = 4; lastKnownFileType = sourcecode.c.objc; path = ZhugeCompres.m; sourceTree = "<group>"; };
		5FEE747924D43015009A29BF /* Zhuge.h */ = {isa = PBXFileReference; fileEncoding = 4; lastKnownFileType = sourcecode.c.h; path = Zhuge.h; sourceTree = "<group>"; };
		5FEE747A24D43015009A29BF /* ZhugeJS.m */ = {isa = PBXFileReference; fileEncoding = 4; lastKnownFileType = sourcecode.c.objc; path = ZhugeJS.m; sourceTree = "<group>"; };
		5FEE747B24D43015009A29BF /* ZhugeBase64.m */ = {isa = PBXFileReference; fileEncoding = 4; lastKnownFileType = sourcecode.c.objc; path = ZhugeBase64.m; sourceTree = "<group>"; };
		5FEE747C24D43015009A29BF /* ZhugeConfig.m */ = {isa = PBXFileReference; fileEncoding = 4; lastKnownFileType = sourcecode.c.objc; path = ZhugeConfig.m; sourceTree = "<group>"; };
		5FEE747E24D43015009A29BF /* ZGSharedDur.h */ = {isa = PBXFileReference; fileEncoding = 4; lastKnownFileType = sourcecode.c.h; path = ZGSharedDur.h; sourceTree = "<group>"; };
		5FEE747F24D43015009A29BF /* NSObject+Zhuge.h */ = {isa = PBXFileReference; fileEncoding = 4; lastKnownFileType = sourcecode.c.h; path = "NSObject+Zhuge.h"; sourceTree = "<group>"; };
		5FEE748024D43015009A29BF /* UIViewController+Zhuge.m */ = {isa = PBXFileReference; fileEncoding = 4; lastKnownFileType = sourcecode.c.objc; path = "UIViewController+Zhuge.m"; sourceTree = "<group>"; };
		5FEE748124D43015009A29BF /* ZGReachability.m */ = {isa = PBXFileReference; fileEncoding = 4; lastKnownFileType = sourcecode.c.objc; path = ZGReachability.m; sourceTree = "<group>"; };
		5FEE748224D43015009A29BF /* ZGHttpHelper.m */ = {isa = PBXFileReference; fileEncoding = 4; lastKnownFileType = sourcecode.c.objc; path = ZGHttpHelper.m; sourceTree = "<group>"; };
		5FEE748324D43015009A29BF /* UIApplication+Zhuge.h */ = {isa = PBXFileReference; fileEncoding = 4; lastKnownFileType = sourcecode.c.h; path = "UIApplication+Zhuge.h"; sourceTree = "<group>"; };
		5FEE748424D43015009A29BF /* ZGUtil.h */ = {isa = PBXFileReference; fileEncoding = 4; lastKnownFileType = sourcecode.c.h; path = ZGUtil.h; sourceTree = "<group>"; };
		5FEE748524D43015009A29BF /* ZGSqliteManager.h */ = {isa = PBXFileReference; fileEncoding = 4; lastKnownFileType = sourcecode.c.h; path = ZGSqliteManager.h; sourceTree = "<group>"; };
		5FEE748624D43015009A29BF /* ZGSharedDur.m */ = {isa = PBXFileReference; fileEncoding = 4; lastKnownFileType = sourcecode.c.objc; path = ZGSharedDur.m; sourceTree = "<group>"; };
		5FEE748724D43015009A29BF /* UIApplication+Zhuge.m */ = {isa = PBXFileReference; fileEncoding = 4; lastKnownFileType = sourcecode.c.objc; path = "UIApplication+Zhuge.m"; sourceTree = "<group>"; };
		5FEE748824D43015009A29BF /* UIViewController+Zhuge.h */ = {isa = PBXFileReference; fileEncoding = 4; lastKnownFileType = sourcecode.c.h; path = "UIViewController+Zhuge.h"; sourceTree = "<group>"; };
		5FEE748924D43015009A29BF /* ZGHttpHelper.h */ = {isa = PBXFileReference; fileEncoding = 4; lastKnownFileType = sourcecode.c.h; path = ZGHttpHelper.h; sourceTree = "<group>"; };
		5FEE748A24D43015009A29BF /* ZGReachability.h */ = {isa = PBXFileReference; fileEncoding = 4; lastKnownFileType = sourcecode.c.h; path = ZGReachability.h; sourceTree = "<group>"; };
		5FEE748B24D43015009A29BF /* NSObject+Zhuge.m */ = {isa = PBXFileReference; fileEncoding = 4; lastKnownFileType = sourcecode.c.objc; path = "NSObject+Zhuge.m"; sourceTree = "<group>"; };
		5FEE748C24D43015009A29BF /* ZGUtil.m */ = {isa = PBXFileReference; fileEncoding = 4; lastKnownFileType = sourcecode.c.objc; path = ZGUtil.m; sourceTree = "<group>"; };
		5FEE748D24D43015009A29BF /* ZGSqliteManager.m */ = {isa = PBXFileReference; fileEncoding = 4; lastKnownFileType = sourcecode.c.objc; path = ZGSqliteManager.m; sourceTree = "<group>"; };
		5FEE748F24D43015009A29BF /* DLServerInterface.h */ = {isa = PBXFileReference; fileEncoding = 4; lastKnownFileType = sourcecode.c.h; path = DLServerInterface.h; sourceTree = "<group>"; };
		5FEE749024D43015009A29BF /* DLServerResponse.m */ = {isa = PBXFileReference; fileEncoding = 4; lastKnownFileType = sourcecode.c.objc; path = DLServerResponse.m; sourceTree = "<group>"; };
		5FEE749124D43015009A29BF /* DLServerRequestQueue.m */ = {isa = PBXFileReference; fileEncoding = 4; lastKnownFileType = sourcecode.c.objc; path = DLServerRequestQueue.m; sourceTree = "<group>"; };
		5FEE749224D43015009A29BF /* DSError.m */ = {isa = PBXFileReference; fileEncoding = 4; lastKnownFileType = sourcecode.c.objc; path = DSError.m; sourceTree = "<group>"; };
		5FEE749324D43015009A29BF /* DLServerRequest.h */ = {isa = PBXFileReference; fileEncoding = 4; lastKnownFileType = sourcecode.c.h; path = DLServerRequest.h; sourceTree = "<group>"; };
		5FEE749424D43015009A29BF /* DLPreferenceHelper.h */ = {isa = PBXFileReference; fileEncoding = 4; lastKnownFileType = sourcecode.c.h; path = DLPreferenceHelper.h; sourceTree = "<group>"; };
		5FEE749524D43015009A29BF /* DLTime.h */ = {isa = PBXFileReference; fileEncoding = 4; lastKnownFileType = sourcecode.c.h; path = DLTime.h; sourceTree = "<group>"; };
		5FEE749624D43015009A29BF /* DSEncodingUtils.m */ = {isa = PBXFileReference; fileEncoding = 4; lastKnownFileType = sourcecode.c.objc; path = DSEncodingUtils.m; sourceTree = "<group>"; };
		5FEE749724D43015009A29BF /* clearNewUsage.h */ = {isa = PBXFileReference; fileEncoding = 4; lastKnownFileType = sourcecode.c.h; path = clearNewUsage.h; sourceTree = "<group>"; };
		5FEE749824D43015009A29BF /* DeepShareImpl.h */ = {isa = PBXFileReference; fileEncoding = 4; lastKnownFileType = sourcecode.c.h; path = DeepShareImpl.h; sourceTree = "<group>"; };
		5FEE749924D43015009A29BF /* DLStrongMatchHelper.h */ = {isa = PBXFileReference; fileEncoding = 4; lastKnownFileType = sourcecode.c.h; path = DLStrongMatchHelper.h; sourceTree = "<group>"; };
		5FEE749A24D43015009A29BF /* DLConfig.h */ = {isa = PBXFileReference; fileEncoding = 4; lastKnownFileType = sourcecode.c.h; path = DLConfig.h; sourceTree = "<group>"; };
		5FEE749B24D43015009A29BF /* DeepShare.m */ = {isa = PBXFileReference; fileEncoding = 4; lastKnownFileType = sourcecode.c.objc; path = DeepShare.m; sourceTree = "<group>"; };
		5FEE749C24D43015009A29BF /* DLViewController.m */ = {isa = PBXFileReference; fileEncoding = 4; lastKnownFileType = sourcecode.c.objc; path = DLViewController.m; sourceTree = "<group>"; };
		5FEE749D24D43015009A29BF /* getNewUsage.h */ = {isa = PBXFileReference; fileEncoding = 4; lastKnownFileType = sourcecode.c.h; path = getNewUsage.h; sourceTree = "<group>"; };
		5FEE749E24D43015009A29BF /* DLSystemObserver.h */ = {isa = PBXFileReference; fileEncoding = 4; lastKnownFileType = sourcecode.c.h; path = DLSystemObserver.h; sourceTree = "<group>"; };
		5FEE749F24D43015009A29BF /* DLServerRequestQueue.h */ = {isa = PBXFileReference; fileEncoding = 4; lastKnownFileType = sourcecode.c.h; path = DLServerRequestQueue.h; sourceTree = "<group>"; };
		5FEE74A024D43015009A29BF /* DSError.h */ = {isa = PBXFileReference; fileEncoding = 4; lastKnownFileType = sourcecode.c.h; path = DSError.h; sourceTree = "<group>"; };
		5FEE74A124D43015009A29BF /* DLServerResponse.h */ = {isa = PBXFileReference; fileEncoding = 4; lastKnownFileType = sourcecode.c.h; path = DLServerResponse.h; sourceTree = "<group>"; };
		5FEE74A224D43015009A29BF /* DLServerInterface.m */ = {isa = PBXFileReference; fileEncoding = 4; lastKnownFileType = sourcecode.c.objc; path = DLServerInterface.m; sourceTree = "<group>"; };
		5FEE74A324D43015009A29BF /* clearNewUsage.m */ = {isa = PBXFileReference; fileEncoding = 4; lastKnownFileType = sourcecode.c.objc; path = clearNewUsage.m; sourceTree = "<group>"; };
		5FEE74A424D43015009A29BF /* DSEncodingUtils.h */ = {isa = PBXFileReference; fileEncoding = 4; lastKnownFileType = sourcecode.c.h; path = DSEncodingUtils.h; sourceTree = "<group>"; };
		5FEE74A524D43015009A29BF /* DLTime.m */ = {isa = PBXFileReference; fileEncoding = 4; lastKnownFileType = sourcecode.c.objc; path = DLTime.m; sourceTree = "<group>"; };
		5FEE74A624D43015009A29BF /* DLPreferenceHelper.m */ = {isa = PBXFileReference; fileEncoding = 4; lastKnownFileType = sourcecode.c.objc; path = DLPreferenceHelper.m; sourceTree = "<group>"; };
		5FEE74A724D43015009A29BF /* DLServerRequest.m */ = {isa = PBXFileReference; fileEncoding = 4; lastKnownFileType = sourcecode.c.objc; path = DLServerRequest.m; sourceTree = "<group>"; };
		5FEE74A924D43015009A29BF /* NewvalueChange.h */ = {isa = PBXFileReference; fileEncoding = 4; lastKnownFileType = sourcecode.c.h; path = NewvalueChange.h; sourceTree = "<group>"; };
		5FEE74AA24D43015009A29BF /* registerOpen.h */ = {isa = PBXFileReference; fileEncoding = 4; lastKnownFileType = sourcecode.c.h; path = registerOpen.h; sourceTree = "<group>"; };
		5FEE74AB24D43015009A29BF /* CallClose.m */ = {isa = PBXFileReference; fileEncoding = 4; lastKnownFileType = sourcecode.c.objc; path = CallClose.m; sourceTree = "<group>"; };
		5FEE74AC24D43015009A29BF /* registerInstall.h */ = {isa = PBXFileReference; fileEncoding = 4; lastKnownFileType = sourcecode.c.h; path = registerInstall.h; sourceTree = "<group>"; };
		5FEE74AD24D43015009A29BF /* NewvalueChange.m */ = {isa = PBXFileReference; fileEncoding = 4; lastKnownFileType = sourcecode.c.objc; path = NewvalueChange.m; sourceTree = "<group>"; };
		5FEE74AE24D43015009A29BF /* registerOpen.m */ = {isa = PBXFileReference; fileEncoding = 4; lastKnownFileType = sourcecode.c.objc; path = registerOpen.m; sourceTree = "<group>"; };
		5FEE74AF24D43015009A29BF /* registerInstall.m */ = {isa = PBXFileReference; fileEncoding = 4; lastKnownFileType = sourcecode.c.objc; path = registerInstall.m; sourceTree = "<group>"; };
		5FEE74B024D43015009A29BF /* CallClose.h */ = {isa = PBXFileReference; fileEncoding = 4; lastKnownFileType = sourcecode.c.h; path = CallClose.h; sourceTree = "<group>"; };
		5FEE74B124D43015009A29BF /* DLStrongMatchHelper.m */ = {isa = PBXFileReference; fileEncoding = 4; lastKnownFileType = sourcecode.c.objc; path = DLStrongMatchHelper.m; sourceTree = "<group>"; };
		5FEE74B224D43015009A29BF /* DeepShareImpl.m */ = {isa = PBXFileReference; fileEncoding = 4; lastKnownFileType = sourcecode.c.objc; path = DeepShareImpl.m; sourceTree = "<group>"; };
		5FEE74B324D43015009A29BF /* DLParam.h */ = {isa = PBXFileReference; fileEncoding = 4; lastKnownFileType = sourcecode.c.h; path = DLParam.h; sourceTree = "<group>"; };
		5FEE74B424D43015009A29BF /* DLSystemObserver.m */ = {isa = PBXFileReference; fileEncoding = 4; lastKnownFileType = sourcecode.c.objc; path = DLSystemObserver.m; sourceTree = "<group>"; };
		5FEE74B524D43015009A29BF /* getNewUsage.m */ = {isa = PBXFileReference; fileEncoding = 4; lastKnownFileType = sourcecode.c.objc; path = getNewUsage.m; sourceTree = "<group>"; };
		5FEE74B624D43015009A29BF /* DLViewController.h */ = {isa = PBXFileReference; fileEncoding = 4; lastKnownFileType = sourcecode.c.h; path = DLViewController.h; sourceTree = "<group>"; };
		5FEE74B724D43015009A29BF /* DeepShare.h */ = {isa = PBXFileReference; fileEncoding = 4; lastKnownFileType = sourcecode.c.h; path = DeepShare.h; sourceTree = "<group>"; };
/* End PBXFileReference section */

/* Begin PBXFrameworksBuildPhase section */
		5FBA14A7237A8CBC00976A39 /* Frameworks */ = {
			isa = PBXFrameworksBuildPhase;
			buildActionMask = 2147483647;
			files = (
			);
			runOnlyForDeploymentPostprocessing = 0;
		};
		5FBA1551237A906D00976A39 /* Frameworks */ = {
			isa = PBXFrameworksBuildPhase;
			buildActionMask = 2147483647;
			files = (
				5FBA1570237A9A1200976A39 /* Zhugeio.framework in Frameworks */,
			);
			runOnlyForDeploymentPostprocessing = 0;
		};
/* End PBXFrameworksBuildPhase section */

/* Begin PBXGroup section */
		5FBA14A0237A8CBC00976A39 = {
			isa = PBXGroup;
			children = (
				5FEE745424D43015009A29BF /* Zhugeio */,
				5FBA1555237A906E00976A39 /* SampleProject */,
				5FBA14AB237A8CBC00976A39 /* Products */,
				5FBA156F237A9A1200976A39 /* Frameworks */,
			);
			sourceTree = "<group>";
		};
		5FBA14AB237A8CBC00976A39 /* Products */ = {
			isa = PBXGroup;
			children = (
				5FBA14AA237A8CBC00976A39 /* Zhugeio.framework */,
				5FBA1554237A906D00976A39 /* SampleProject.app */,
			);
			name = Products;
			sourceTree = "<group>";
		};
		5FBA1555237A906E00976A39 /* SampleProject */ = {
			isa = PBXGroup;
			children = (
				5FBA1556237A906E00976A39 /* AppDelegate.h */,
				5FBA1557237A906E00976A39 /* AppDelegate.m */,
				5FBA1559237A906E00976A39 /* SceneDelegate.h */,
				5FBA155A237A906E00976A39 /* SceneDelegate.m */,
				5FBA155C237A906E00976A39 /* ViewController.h */,
				5FBA155D237A906E00976A39 /* ViewController.m */,
				5FBA155F237A906E00976A39 /* Main.storyboard */,
				5FBA1562237A907100976A39 /* Assets.xcassets */,
				5FBA1564237A907100976A39 /* LaunchScreen.storyboard */,
				5FBA1567237A907100976A39 /* Info.plist */,
				5FBA1568237A907100976A39 /* main.m */,
			);
			path = SampleProject;
			sourceTree = "<group>";
		};
		5FBA156F237A9A1200976A39 /* Frameworks */ = {
			isa = PBXGroup;
			children = (
			);
			name = Frameworks;
			sourceTree = "<group>";
		};
		5FEE745424D43015009A29BF /* Zhugeio */ = {
			isa = PBXGroup;
			children = (
				5FEE745524D43015009A29BF /* ZGCategory */,
				5FEE745E24D43015009A29BF /* Utils */,
				5FEE746724D43015009A29BF /* AutoTrack */,
				5FEE746E24D43015009A29BF /* ZGCore */,
				5FEE747D24D43015009A29BF /* ZGSee */,
				5FEE748E24D43015009A29BF /* ZGShare */,
			);
			path = Zhugeio;
			sourceTree = "<group>";
		};
		5FEE745524D43015009A29BF /* ZGCategory */ = {
			isa = PBXGroup;
			children = (
				5FEE745624D43015009A29BF /* UICollectionView+ZGAnalytics.m */,
				5FEE745724D43015009A29BF /* UITableView+ZGAnalytics.h */,
				5FEE745824D43015009A29BF /* NSObject+ZGAutoTrack.m */,
				5FEE745924D43015009A29BF /* WKWebView+ZGAnalytics.h */,
				5FEE745A24D43015009A29BF /* NSObject+ZGAutoTrack.h */,
				5FEE745B24D43015009A29BF /* UITableView+ZGAnalytics.m */,
				5FEE745C24D43015009A29BF /* UICollectionView+ZGAnalytics.h */,
				5FEE745D24D43015009A29BF /* WKWebView+ZGAnalytics.m */,
			);
			path = ZGCategory;
			sourceTree = "<group>";
		};
		5FEE745E24D43015009A29BF /* Utils */ = {
			isa = PBXGroup;
			children = (
				5FEE745F24D43015009A29BF /* Aspects.h */,
				5FEE746024D43015009A29BF /* ZGCMMotionManager.m */,
				5FEE746124D43015009A29BF /* ZGUtils.m */,
				5FEE746224D43015009A29BF /* ZGLocationManager.h */,
				5FEE746324D43015009A29BF /* ZGCMMotionManager.h */,
				5FEE746424D43015009A29BF /* Aspects.m */,
				5FEE746524D43015009A29BF /* ZGLocationManager.m */,
				5FEE746624D43015009A29BF /* ZGUtils.h */,
			);
			path = Utils;
			sourceTree = "<group>";
		};
		5FEE746724D43015009A29BF /* AutoTrack */ = {
			isa = PBXGroup;
			children = (
				5FEE746824D43015009A29BF /* UIGestureRecognizer+Zhuge.h */,
				5FEE746924D43015009A29BF /* ZhugeAutoTrackUtils.m */,
				5FEE746A24D43015009A29BF /* ZhugeSwizzle.m */,
				5FEE746B24D43015009A29BF /* UIGestureRecognizer+Zhuge.m */,
				5FEE746C24D43015009A29BF /* ZhugeAutoTrackUtils.h */,
				5FEE746D24D43015009A29BF /* ZhugeSwizzle.h */,
			);
			path = AutoTrack;
			sourceTree = "<group>";
		};
		5FEE746E24D43015009A29BF /* ZGCore */ = {
			isa = PBXGroup;
			children = (
				5FEE747724D43015009A29BF /* ZGLog.h */,
				5FEE747924D43015009A29BF /* Zhuge.h */,
				5FEE746F24D43015009A29BF /* Zhuge.m */,
				5FEE747524D43015009A29BF /* ZhugeBase64.h */,
				5FEE747B24D43015009A29BF /* ZhugeBase64.m */,
				5FEE747024D43015009A29BF /* ZhugeCompres.h */,
				5FEE747824D43015009A29BF /* ZhugeCompres.m */,
				5FEE747424D43015009A29BF /* ZhugeConfig.h */,
				5FEE747C24D43015009A29BF /* ZhugeConfig.m */,
				5FEE747324D43015009A29BF /* ZhugeConstants.h */,
				5FEE747624D43015009A29BF /* ZhugeEventProperty.h */,
				5FEE747124D43015009A29BF /* ZhugeEvents.h */,
				5FEE747224D43015009A29BF /* ZhugeJS.h */,
				5FEE747A24D43015009A29BF /* ZhugeJS.m */,
			);
			path = ZGCore;
			sourceTree = "<group>";
		};
		5FEE747D24D43015009A29BF /* ZGSee */ = {
			isa = PBXGroup;
			children = (
				5FEE747E24D43015009A29BF /* ZGSharedDur.h */,
				5FEE747F24D43015009A29BF /* NSObject+Zhuge.h */,
				5FEE748024D43015009A29BF /* UIViewController+Zhuge.m */,
				5FEE748124D43015009A29BF /* ZGReachability.m */,
				5FEE748224D43015009A29BF /* ZGHttpHelper.m */,
				5FEE748324D43015009A29BF /* UIApplication+Zhuge.h */,
				5FEE748424D43015009A29BF /* ZGUtil.h */,
				5FEE748524D43015009A29BF /* ZGSqliteManager.h */,
				5FEE748624D43015009A29BF /* ZGSharedDur.m */,
				5FEE748724D43015009A29BF /* UIApplication+Zhuge.m */,
				5FEE748824D43015009A29BF /* UIViewController+Zhuge.h */,
				5FEE748924D43015009A29BF /* ZGHttpHelper.h */,
				5FEE748A24D43015009A29BF /* ZGReachability.h */,
				5FEE748B24D43015009A29BF /* NSObject+Zhuge.m */,
				5FEE748C24D43015009A29BF /* ZGUtil.m */,
				5FEE748D24D43015009A29BF /* ZGSqliteManager.m */,
			);
			path = ZGSee;
			sourceTree = "<group>";
		};
		5FEE748E24D43015009A29BF /* ZGShare */ = {
			isa = PBXGroup;
			children = (
				5FEE748F24D43015009A29BF /* DLServerInterface.h */,
				5FEE749024D43015009A29BF /* DLServerResponse.m */,
				5FEE749124D43015009A29BF /* DLServerRequestQueue.m */,
				5FEE749224D43015009A29BF /* DSError.m */,
				5FEE749324D43015009A29BF /* DLServerRequest.h */,
				5FEE749424D43015009A29BF /* DLPreferenceHelper.h */,
				5FEE749524D43015009A29BF /* DLTime.h */,
				5FEE749624D43015009A29BF /* DSEncodingUtils.m */,
				5FEE749724D43015009A29BF /* clearNewUsage.h */,
				5FEE749824D43015009A29BF /* DeepShareImpl.h */,
				5FEE749924D43015009A29BF /* DLStrongMatchHelper.h */,
				5FEE749A24D43015009A29BF /* DLConfig.h */,
				5FEE749B24D43015009A29BF /* DeepShare.m */,
				5FEE749C24D43015009A29BF /* DLViewController.m */,
				5FEE749D24D43015009A29BF /* getNewUsage.h */,
				5FEE749E24D43015009A29BF /* DLSystemObserver.h */,
				5FEE749F24D43015009A29BF /* DLServerRequestQueue.h */,
				5FEE74A024D43015009A29BF /* DSError.h */,
				5FEE74A124D43015009A29BF /* DLServerResponse.h */,
				5FEE74A224D43015009A29BF /* DLServerInterface.m */,
				5FEE74A324D43015009A29BF /* clearNewUsage.m */,
				5FEE74A424D43015009A29BF /* DSEncodingUtils.h */,
				5FEE74A524D43015009A29BF /* DLTime.m */,
				5FEE74A624D43015009A29BF /* DLPreferenceHelper.m */,
				5FEE74A724D43015009A29BF /* DLServerRequest.m */,
				5FEE74A824D43015009A29BF /* Request */,
				5FEE74B124D43015009A29BF /* DLStrongMatchHelper.m */,
				5FEE74B224D43015009A29BF /* DeepShareImpl.m */,
				5FEE74B324D43015009A29BF /* DLParam.h */,
				5FEE74B424D43015009A29BF /* DLSystemObserver.m */,
				5FEE74B524D43015009A29BF /* getNewUsage.m */,
				5FEE74B624D43015009A29BF /* DLViewController.h */,
				5FEE74B724D43015009A29BF /* DeepShare.h */,
			);
			path = ZGShare;
			sourceTree = "<group>";
		};
		5FEE74A824D43015009A29BF /* Request */ = {
			isa = PBXGroup;
			children = (
				5FEE74A924D43015009A29BF /* NewvalueChange.h */,
				5FEE74AA24D43015009A29BF /* registerOpen.h */,
				5FEE74AB24D43015009A29BF /* CallClose.m */,
				5FEE74AC24D43015009A29BF /* registerInstall.h */,
				5FEE74AD24D43015009A29BF /* NewvalueChange.m */,
				5FEE74AE24D43015009A29BF /* registerOpen.m */,
				5FEE74AF24D43015009A29BF /* registerInstall.m */,
				5FEE74B024D43015009A29BF /* CallClose.h */,
			);
			path = Request;
			sourceTree = "<group>";
		};
/* End PBXGroup section */

/* Begin PBXHeadersBuildPhase section */
		5FBA14A5237A8CBC00976A39 /* Headers */ = {
			isa = PBXHeadersBuildPhase;
			buildActionMask = 2147483647;
			files = (
				5FEE74FD24D43015009A29BF /* DSError.h in Headers */,
				5FEE74FA24D43015009A29BF /* getNewUsage.h in Headers */,
				5FEE74D324D43015009A29BF /* ZhugeConfig.h in Headers */,
				5FEE74C824D43015009A29BF /* UIGestureRecognizer+Zhuge.h in Headers */,
				5FEE74DC24D43015009A29BF /* ZGSharedDur.h in Headers */,
				5FEE74F624D43015009A29BF /* DLStrongMatchHelper.h in Headers */,
				5FEE750F24D43015009A29BF /* DLParam.h in Headers */,
				5FEE74F224D43015009A29BF /* DLTime.h in Headers */,
				5FEE74D024D43015009A29BF /* ZhugeEvents.h in Headers */,
				5FEE74D424D43015009A29BF /* ZhugeBase64.h in Headers */,
				5FEE74D824D43015009A29BF /* Zhuge.h in Headers */,
				5FEE750624D43015009A29BF /* registerOpen.h in Headers */,
				5FEE74F124D43015009A29BF /* DLPreferenceHelper.h in Headers */,
				5FEE74E724D43015009A29BF /* ZGHttpHelper.h in Headers */,
				5FEE750524D43015009A29BF /* NewvalueChange.h in Headers */,
				5FEE74B924D43015009A29BF /* UITableView+ZGAnalytics.h in Headers */,
				5FEE74C024D43015009A29BF /* Aspects.h in Headers */,
				5FEE74D124D43015009A29BF /* ZhugeJS.h in Headers */,
				5FEE74D524D43015009A29BF /* ZhugeEventProperty.h in Headers */,
				5FEE74E824D43015009A29BF /* ZGReachability.h in Headers */,
				5FEE751224D43015009A29BF /* DLViewController.h in Headers */,
				5FEE74E324D43015009A29BF /* ZGSqliteManager.h in Headers */,
				5FEE74E124D43015009A29BF /* UIApplication+Zhuge.h in Headers */,
				5FEE74CD24D43015009A29BF /* ZhugeSwizzle.h in Headers */,
				5FEE74FE24D43015009A29BF /* DLServerResponse.h in Headers */,
				5FEE750124D43015009A29BF /* DSEncodingUtils.h in Headers */,
				5FEE74D624D43015009A29BF /* ZGLog.h in Headers */,
				5FEE74F724D43015009A29BF /* DLConfig.h in Headers */,
				5FEE74DD24D43015009A29BF /* NSObject+Zhuge.h in Headers */,
				5FEE74F524D43015009A29BF /* DeepShareImpl.h in Headers */,
				5FEE74BC24D43015009A29BF /* NSObject+ZGAutoTrack.h in Headers */,
				5FEE750824D43015009A29BF /* registerInstall.h in Headers */,
				5FEE74F024D43015009A29BF /* DLServerRequest.h in Headers */,
				5FEE74C424D43015009A29BF /* ZGCMMotionManager.h in Headers */,
				5FEE74C324D43015009A29BF /* ZGLocationManager.h in Headers */,
				5FEE74BB24D43015009A29BF /* WKWebView+ZGAnalytics.h in Headers */,
				5FEE74E224D43015009A29BF /* ZGUtil.h in Headers */,
				5FEE74E624D43015009A29BF /* UIViewController+Zhuge.h in Headers */,
				5FEE74F424D43015009A29BF /* clearNewUsage.h in Headers */,
				5FEE74FC24D43015009A29BF /* DLServerRequestQueue.h in Headers */,
				5FEE751324D43015009A29BF /* DeepShare.h in Headers */,
				5FEE74FB24D43015009A29BF /* DLSystemObserver.h in Headers */,
				5FEE74BE24D43015009A29BF /* UICollectionView+ZGAnalytics.h in Headers */,
				5FEE750C24D43015009A29BF /* CallClose.h in Headers */,
				5FEE74EC24D43015009A29BF /* DLServerInterface.h in Headers */,
				5FEE74CC24D43015009A29BF /* ZhugeAutoTrackUtils.h in Headers */,
				5FEE74C724D43015009A29BF /* ZGUtils.h in Headers */,
				5FEE74D224D43015009A29BF /* ZhugeConstants.h in Headers */,
				5FEE74CF24D43015009A29BF /* ZhugeCompres.h in Headers */,
			);
			runOnlyForDeploymentPostprocessing = 0;
		};
/* End PBXHeadersBuildPhase section */

/* Begin PBXNativeTarget section */
		5FBA14A9237A8CBC00976A39 /* Zhugeio */ = {
			isa = PBXNativeTarget;
			buildConfigurationList = 5FBA14B2237A8CBC00976A39 /* Build configuration list for PBXNativeTarget "Zhugeio" */;
			buildPhases = (
				5FBA14A5237A8CBC00976A39 /* Headers */,
				5FBA14A6237A8CBC00976A39 /* Sources */,
				5FBA14A7237A8CBC00976A39 /* Frameworks */,
				5FBA14A8237A8CBC00976A39 /* Resources */,
			);
			buildRules = (
			);
			dependencies = (
			);
			name = Zhugeio;
			productName = Zhugeio;
			productReference = 5FBA14AA237A8CBC00976A39 /* Zhugeio.framework */;
			productType = "com.apple.product-type.framework";
		};
		5FBA1553237A906D00976A39 /* SampleProject */ = {
			isa = PBXNativeTarget;
			buildConfigurationList = 5FBA156A237A907100976A39 /* Build configuration list for PBXNativeTarget "SampleProject" */;
			buildPhases = (
				5FBA1550237A906D00976A39 /* Sources */,
				5FBA1551237A906D00976A39 /* Frameworks */,
				5FBA1552237A906D00976A39 /* Resources */,
			);
			buildRules = (
			);
			dependencies = (
			);
			name = SampleProject;
			productName = SampleProject;
			productReference = 5FBA1554237A906D00976A39 /* SampleProject.app */;
			productType = "com.apple.product-type.application";
		};
/* End PBXNativeTarget section */

/* Begin PBXProject section */
		5FBA14A1237A8CBC00976A39 /* Project object */ = {
			isa = PBXProject;
			attributes = {
				LastUpgradeCheck = 1100;
				ORGANIZATIONNAME = GoodMorning;
				TargetAttributes = {
					5FBA14A9237A8CBC00976A39 = {
						CreatedOnToolsVersion = 11.0;
					};
					5FBA1553237A906D00976A39 = {
						CreatedOnToolsVersion = 11.0;
					};
				};
			};
			buildConfigurationList = 5FBA14A4237A8CBC00976A39 /* Build configuration list for PBXProject "Zhugeio" */;
			compatibilityVersion = "Xcode 9.3";
			developmentRegion = en;
			hasScannedForEncodings = 0;
			knownRegions = (
				en,
				Base,
			);
			mainGroup = 5FBA14A0237A8CBC00976A39;
			productRefGroup = 5FBA14AB237A8CBC00976A39 /* Products */;
			projectDirPath = "";
			projectRoot = "";
			targets = (
				5FBA14A9237A8CBC00976A39 /* Zhugeio */,
				5FBA1553237A906D00976A39 /* SampleProject */,
			);
		};
/* End PBXProject section */

/* Begin PBXResourcesBuildPhase section */
		5FBA14A8237A8CBC00976A39 /* Resources */ = {
			isa = PBXResourcesBuildPhase;
			buildActionMask = 2147483647;
			files = (
			);
			runOnlyForDeploymentPostprocessing = 0;
		};
		5FBA1552237A906D00976A39 /* Resources */ = {
			isa = PBXResourcesBuildPhase;
			buildActionMask = 2147483647;
			files = (
				5FBA1566237A907100976A39 /* LaunchScreen.storyboard in Resources */,
				5FBA1563237A907100976A39 /* Assets.xcassets in Resources */,
				5FBA1561237A906E00976A39 /* Main.storyboard in Resources */,
			);
			runOnlyForDeploymentPostprocessing = 0;
		};
/* End PBXResourcesBuildPhase section */

/* Begin PBXSourcesBuildPhase section */
		5FBA14A6237A8CBC00976A39 /* Sources */ = {
			isa = PBXSourcesBuildPhase;
			buildActionMask = 2147483647;
			files = (
				5FEE74E024D43015009A29BF /* ZGHttpHelper.m in Sources */,
				5FEE74EF24D43015009A29BF /* DSError.m in Sources */,
				5FEE74ED24D43015009A29BF /* DLServerResponse.m in Sources */,
				5FEE74EA24D43015009A29BF /* ZGUtil.m in Sources */,
				5FEE74E524D43015009A29BF /* UIApplication+Zhuge.m in Sources */,
				5FEE74C224D43015009A29BF /* ZGUtils.m in Sources */,
				5FEE74BD24D43015009A29BF /* UITableView+ZGAnalytics.m in Sources */,
				5FEE74EB24D43015009A29BF /* ZGSqliteManager.m in Sources */,
				5FEE74E424D43015009A29BF /* ZGSharedDur.m in Sources */,
				5FEE750D24D43015009A29BF /* DLStrongMatchHelper.m in Sources */,
				5FEE751024D43015009A29BF /* DLSystemObserver.m in Sources */,
				5FEE74DF24D43015009A29BF /* ZGReachability.m in Sources */,
				5FEE74F824D43015009A29BF /* DeepShare.m in Sources */,
				5FEE74F924D43015009A29BF /* DLViewController.m in Sources */,
				5FEE74BA24D43015009A29BF /* NSObject+ZGAutoTrack.m in Sources */,
				5FEE74B824D43015009A29BF /* UICollectionView+ZGAnalytics.m in Sources */,
				5FEE74DE24D43015009A29BF /* UIViewController+Zhuge.m in Sources */,
				5FEE750224D43015009A29BF /* DLTime.m in Sources */,
				5FEE74C524D43015009A29BF /* Aspects.m in Sources */,
				5FEE750924D43015009A29BF /* NewvalueChange.m in Sources */,
				5FEE74E924D43015009A29BF /* NSObject+Zhuge.m in Sources */,
				5FEE750724D43015009A29BF /* CallClose.m in Sources */,
				5FEE74CA24D43015009A29BF /* ZhugeSwizzle.m in Sources */,
				5FEE74CB24D43015009A29BF /* UIGestureRecognizer+Zhuge.m in Sources */,
				5FEE751124D43015009A29BF /* getNewUsage.m in Sources */,
				5FEE74CE24D43015009A29BF /* Zhuge.m in Sources */,
				5FEE74D724D43015009A29BF /* ZhugeCompres.m in Sources */,
				5FEE750A24D43015009A29BF /* registerOpen.m in Sources */,
				5FEE74DA24D43015009A29BF /* ZhugeBase64.m in Sources */,
				5FEE74C624D43015009A29BF /* ZGLocationManager.m in Sources */,
				5FEE74C924D43015009A29BF /* ZhugeAutoTrackUtils.m in Sources */,
				5FEE750B24D43015009A29BF /* registerInstall.m in Sources */,
				5FEE750024D43015009A29BF /* clearNewUsage.m in Sources */,
				5FEE750E24D43015009A29BF /* DeepShareImpl.m in Sources */,
				5FEE74FF24D43015009A29BF /* DLServerInterface.m in Sources */,
				5FEE74BF24D43015009A29BF /* WKWebView+ZGAnalytics.m in Sources */,
				5FEE74C124D43015009A29BF /* ZGCMMotionManager.m in Sources */,
				5FEE74DB24D43015009A29BF /* ZhugeConfig.m in Sources */,
				5FEE750424D43015009A29BF /* DLServerRequest.m in Sources */,
				5FEE74D924D43015009A29BF /* ZhugeJS.m in Sources */,
				5FEE750324D43015009A29BF /* DLPreferenceHelper.m in Sources */,
				5FEE74EE24D43015009A29BF /* DLServerRequestQueue.m in Sources */,
				5FEE74F324D43015009A29BF /* DSEncodingUtils.m in Sources */,
			);
			runOnlyForDeploymentPostprocessing = 0;
		};
		5FBA1550237A906D00976A39 /* Sources */ = {
			isa = PBXSourcesBuildPhase;
			buildActionMask = 2147483647;
			files = (
				5FBA155E237A906E00976A39 /* ViewController.m in Sources */,
				5FBA1558237A906E00976A39 /* AppDelegate.m in Sources */,
				5FBA1569237A907100976A39 /* main.m in Sources */,
				5FBA155B237A906E00976A39 /* SceneDelegate.m in Sources */,
			);
			runOnlyForDeploymentPostprocessing = 0;
		};
/* End PBXSourcesBuildPhase section */

/* Begin PBXVariantGroup section */
		5FBA155F237A906E00976A39 /* Main.storyboard */ = {
			isa = PBXVariantGroup;
			children = (
				5FBA1560237A906E00976A39 /* Base */,
			);
			name = Main.storyboard;
			sourceTree = "<group>";
		};
		5FBA1564237A907100976A39 /* LaunchScreen.storyboard */ = {
			isa = PBXVariantGroup;
			children = (
				5FBA1565237A907100976A39 /* Base */,
			);
			name = LaunchScreen.storyboard;
			sourceTree = "<group>";
		};
/* End PBXVariantGroup section */

/* Begin XCBuildConfiguration section */
		5FBA14B0237A8CBC00976A39 /* Debug */ = {
			isa = XCBuildConfiguration;
			buildSettings = {
				ALWAYS_SEARCH_USER_PATHS = NO;
				CLANG_ANALYZER_LOCALIZABILITY_NONLOCALIZED = YES;
				CLANG_ANALYZER_NONNULL = YES;
				CLANG_ANALYZER_NUMBER_OBJECT_CONVERSION = YES_AGGRESSIVE;
				CLANG_CXX_LANGUAGE_STANDARD = "gnu++14";
				CLANG_CXX_LIBRARY = "libc++";
				CLANG_ENABLE_MODULES = YES;
				CLANG_ENABLE_OBJC_ARC = YES;
				CLANG_ENABLE_OBJC_WEAK = YES;
				CLANG_WARN_BLOCK_CAPTURE_AUTORELEASING = YES;
				CLANG_WARN_BOOL_CONVERSION = YES;
				CLANG_WARN_COMMA = YES;
				CLANG_WARN_CONSTANT_CONVERSION = YES;
				CLANG_WARN_DEPRECATED_OBJC_IMPLEMENTATIONS = YES;
				CLANG_WARN_DIRECT_OBJC_ISA_USAGE = YES_ERROR;
				CLANG_WARN_DOCUMENTATION_COMMENTS = YES;
				CLANG_WARN_EMPTY_BODY = YES;
				CLANG_WARN_ENUM_CONVERSION = YES;
				CLANG_WARN_INFINITE_RECURSION = YES;
				CLANG_WARN_INT_CONVERSION = YES;
				CLANG_WARN_NON_LITERAL_NULL_CONVERSION = YES;
				CLANG_WARN_OBJC_IMPLICIT_RETAIN_SELF = YES;
				CLANG_WARN_OBJC_LITERAL_CONVERSION = YES;
				CLANG_WARN_OBJC_ROOT_CLASS = YES_ERROR;
				CLANG_WARN_RANGE_LOOP_ANALYSIS = YES;
				CLANG_WARN_STRICT_PROTOTYPES = YES;
				CLANG_WARN_SUSPICIOUS_MOVE = YES;
				CLANG_WARN_UNGUARDED_AVAILABILITY = YES_AGGRESSIVE;
				CLANG_WARN_UNREACHABLE_CODE = YES;
				CLANG_WARN__DUPLICATE_METHOD_MATCH = YES;
				COPY_PHASE_STRIP = NO;
				CURRENT_PROJECT_VERSION = 1;
				DEBUG_INFORMATION_FORMAT = dwarf;
				ENABLE_STRICT_OBJC_MSGSEND = YES;
				ENABLE_TESTABILITY = YES;
				GCC_C_LANGUAGE_STANDARD = gnu11;
				GCC_DYNAMIC_NO_PIC = NO;
				GCC_NO_COMMON_BLOCKS = YES;
				GCC_OPTIMIZATION_LEVEL = 0;
				GCC_PREPROCESSOR_DEFINITIONS = (
					"DEBUG=1",
					"$(inherited)",
				);
				GCC_WARN_64_TO_32_BIT_CONVERSION = YES;
				GCC_WARN_ABOUT_RETURN_TYPE = YES_ERROR;
				GCC_WARN_UNDECLARED_SELECTOR = YES;
				GCC_WARN_UNINITIALIZED_AUTOS = YES_AGGRESSIVE;
				GCC_WARN_UNUSED_FUNCTION = YES;
				GCC_WARN_UNUSED_VARIABLE = YES;
				IPHONEOS_DEPLOYMENT_TARGET = 13.0;
				MTL_ENABLE_DEBUG_INFO = INCLUDE_SOURCE;
				MTL_FAST_MATH = YES;
				ONLY_ACTIVE_ARCH = YES;
				SDKROOT = iphoneos;
				VERSIONING_SYSTEM = "apple-generic";
				VERSION_INFO_PREFIX = "";
			};
			name = Debug;
		};
		5FBA14B1237A8CBC00976A39 /* Release */ = {
			isa = XCBuildConfiguration;
			buildSettings = {
				ALWAYS_SEARCH_USER_PATHS = NO;
				CLANG_ANALYZER_LOCALIZABILITY_NONLOCALIZED = YES;
				CLANG_ANALYZER_NONNULL = YES;
				CLANG_ANALYZER_NUMBER_OBJECT_CONVERSION = YES_AGGRESSIVE;
				CLANG_CXX_LANGUAGE_STANDARD = "gnu++14";
				CLANG_CXX_LIBRARY = "libc++";
				CLANG_ENABLE_MODULES = YES;
				CLANG_ENABLE_OBJC_ARC = YES;
				CLANG_ENABLE_OBJC_WEAK = YES;
				CLANG_WARN_BLOCK_CAPTURE_AUTORELEASING = YES;
				CLANG_WARN_BOOL_CONVERSION = YES;
				CLANG_WARN_COMMA = YES;
				CLANG_WARN_CONSTANT_CONVERSION = YES;
				CLANG_WARN_DEPRECATED_OBJC_IMPLEMENTATIONS = YES;
				CLANG_WARN_DIRECT_OBJC_ISA_USAGE = YES_ERROR;
				CLANG_WARN_DOCUMENTATION_COMMENTS = YES;
				CLANG_WARN_EMPTY_BODY = YES;
				CLANG_WARN_ENUM_CONVERSION = YES;
				CLANG_WARN_INFINITE_RECURSION = YES;
				CLANG_WARN_INT_CONVERSION = YES;
				CLANG_WARN_NON_LITERAL_NULL_CONVERSION = YES;
				CLANG_WARN_OBJC_IMPLICIT_RETAIN_SELF = YES;
				CLANG_WARN_OBJC_LITERAL_CONVERSION = YES;
				CLANG_WARN_OBJC_ROOT_CLASS = YES_ERROR;
				CLANG_WARN_RANGE_LOOP_ANALYSIS = YES;
				CLANG_WARN_STRICT_PROTOTYPES = YES;
				CLANG_WARN_SUSPICIOUS_MOVE = YES;
				CLANG_WARN_UNGUARDED_AVAILABILITY = YES_AGGRESSIVE;
				CLANG_WARN_UNREACHABLE_CODE = YES;
				CLANG_WARN__DUPLICATE_METHOD_MATCH = YES;
				COPY_PHASE_STRIP = NO;
				CURRENT_PROJECT_VERSION = 1;
				DEBUG_INFORMATION_FORMAT = "dwarf-with-dsym";
				ENABLE_NS_ASSERTIONS = NO;
				ENABLE_STRICT_OBJC_MSGSEND = YES;
				GCC_C_LANGUAGE_STANDARD = gnu11;
				GCC_NO_COMMON_BLOCKS = YES;
				GCC_WARN_64_TO_32_BIT_CONVERSION = YES;
				GCC_WARN_ABOUT_RETURN_TYPE = YES_ERROR;
				GCC_WARN_UNDECLARED_SELECTOR = YES;
				GCC_WARN_UNINITIALIZED_AUTOS = YES_AGGRESSIVE;
				GCC_WARN_UNUSED_FUNCTION = YES;
				GCC_WARN_UNUSED_VARIABLE = YES;
				IPHONEOS_DEPLOYMENT_TARGET = 13.0;
				MTL_ENABLE_DEBUG_INFO = NO;
				MTL_FAST_MATH = YES;
				SDKROOT = iphoneos;
				VALIDATE_PRODUCT = YES;
				VERSIONING_SYSTEM = "apple-generic";
				VERSION_INFO_PREFIX = "";
			};
			name = Release;
		};
		5FBA14B3237A8CBC00976A39 /* Debug */ = {
			isa = XCBuildConfiguration;
			buildSettings = {
				CODE_SIGN_STYLE = Automatic;
				CURRENT_PROJECT_VERSION = 5;
				DEAD_CODE_STRIPPING = NO;
				DEFINES_MODULE = YES;
				DEVELOPMENT_TEAM = S63Y8AL2QU;
				DYLIB_COMPATIBILITY_VERSION = 1;
				DYLIB_CURRENT_VERSION = 1;
				DYLIB_INSTALL_NAME_BASE = "@rpath";
				GCC_PREPROCESSOR_DEFINITIONS = (
					"DEBUG=1",
					"$(inherited)",
					"ZHUGE_LOG=1",
				);
				INFOPLIST_FILE = Zhugeio/Info.plist;
				INSTALL_PATH = "$(LOCAL_LIBRARY_DIR)/Frameworks";
				IPHONEOS_DEPLOYMENT_TARGET = 8.0;
				LD_RUNPATH_SEARCH_PATHS = (
					"$(inherited)",
					"@executable_path/Frameworks",
					"@loader_path/Frameworks",
				);
				LINK_WITH_STANDARD_LIBRARIES = NO;
				MACH_O_TYPE = staticlib;
				MARKETING_VERSION = 3.4.7;
				PRODUCT_BUNDLE_IDENTIFIER = com.zhugeio;
				PRODUCT_NAME = "$(TARGET_NAME:c99extidentifier)";
				SKIP_INSTALL = YES;
				TARGETED_DEVICE_FAMILY = "1,2";
			};
			name = Debug;
		};
		5FBA14B4237A8CBC00976A39 /* Release */ = {
			isa = XCBuildConfiguration;
			buildSettings = {
				CODE_SIGN_STYLE = Automatic;
				CURRENT_PROJECT_VERSION = 5;
				DEAD_CODE_STRIPPING = NO;
				DEFINES_MODULE = YES;
				DEVELOPMENT_TEAM = S63Y8AL2QU;
				DYLIB_COMPATIBILITY_VERSION = 1;
				DYLIB_CURRENT_VERSION = 1;
				DYLIB_INSTALL_NAME_BASE = "@rpath";
				INFOPLIST_FILE = Zhugeio/Info.plist;
				INSTALL_PATH = "$(LOCAL_LIBRARY_DIR)/Frameworks";
				IPHONEOS_DEPLOYMENT_TARGET = 8.0;
				LD_RUNPATH_SEARCH_PATHS = (
					"$(inherited)",
					"@executable_path/Frameworks",
					"@loader_path/Frameworks",
				);
				LINK_WITH_STANDARD_LIBRARIES = NO;
				MACH_O_TYPE = staticlib;
				MARKETING_VERSION = 3.4.7;
				PRODUCT_BUNDLE_IDENTIFIER = com.zhugeio;
				PRODUCT_NAME = "$(TARGET_NAME:c99extidentifier)";
				SKIP_INSTALL = YES;
				TARGETED_DEVICE_FAMILY = "1,2";
			};
			name = Release;
		};
		5FBA156B237A907100976A39 /* Debug */ = {
			isa = XCBuildConfiguration;
			buildSettings = {
				ASSETCATALOG_COMPILER_APPICON_NAME = AppIcon;
				CODE_SIGN_STYLE = Automatic;
				DEVELOPMENT_TEAM = S63Y8AL2QU;
				GCC_PREPROCESSOR_DEFINITIONS = (
					"DEBUG=1",
					"$(inherited)",
					"ZHUGE_LOG=1",
				);
				INFOPLIST_FILE = SampleProject/Info.plist;
				IPHONEOS_DEPLOYMENT_TARGET = 11.4;
				LD_RUNPATH_SEARCH_PATHS = (
					"$(inherited)",
					"@executable_path/Frameworks",
				);
				PRODUCT_BUNDLE_IDENTIFIER = Macrolor.SampleProject;
				PRODUCT_NAME = "$(TARGET_NAME)";
				TARGETED_DEVICE_FAMILY = "1,2";
			};
			name = Debug;
		};
		5FBA156C237A907100976A39 /* Release */ = {
			isa = XCBuildConfiguration;
			buildSettings = {
				ASSETCATALOG_COMPILER_APPICON_NAME = AppIcon;
				CODE_SIGN_STYLE = Automatic;
				DEVELOPMENT_TEAM = S63Y8AL2QU;
				INFOPLIST_FILE = SampleProject/Info.plist;
				IPHONEOS_DEPLOYMENT_TARGET = 11.4;
				LD_RUNPATH_SEARCH_PATHS = (
					"$(inherited)",
					"@executable_path/Frameworks",
				);
				PRODUCT_BUNDLE_IDENTIFIER = Macrolor.SampleProject;
				PRODUCT_NAME = "$(TARGET_NAME)";
				TARGETED_DEVICE_FAMILY = "1,2";
			};
			name = Release;
		};
/* End XCBuildConfiguration section */

/* Begin XCConfigurationList section */
		5FBA14A4237A8CBC00976A39 /* Build configuration list for PBXProject "Zhugeio" */ = {
			isa = XCConfigurationList;
			buildConfigurations = (
				5FBA14B0237A8CBC00976A39 /* Debug */,
				5FBA14B1237A8CBC00976A39 /* Release */,
			);
			defaultConfigurationIsVisible = 0;
			defaultConfigurationName = Release;
		};
		5FBA14B2237A8CBC00976A39 /* Build configuration list for PBXNativeTarget "Zhugeio" */ = {
			isa = XCConfigurationList;
			buildConfigurations = (
				5FBA14B3237A8CBC00976A39 /* Debug */,
				5FBA14B4237A8CBC00976A39 /* Release */,
			);
			defaultConfigurationIsVisible = 0;
			defaultConfigurationName = Release;
		};
		5FBA156A237A907100976A39 /* Build configuration list for PBXNativeTarget "SampleProject" */ = {
			isa = XCConfigurationList;
			buildConfigurations = (
				5FBA156B237A907100976A39 /* Debug */,
				5FBA156C237A907100976A39 /* Release */,
			);
			defaultConfigurationIsVisible = 0;
			defaultConfigurationName = Release;
		};
/* End XCConfigurationList section */
	};
	rootObject = 5FBA14A1237A8CBC00976A39 /* Project object */;
}
